
Microsoft Visual Studio Solution File, Format Version 12.00
# Visual Studio 2013
VisualStudioVersion = 12.0.30501.0
MinimumVisualStudioVersion = 10.0.40219.1
Project("{FAE04EC0-301F-11D3-BF4B-00C04F79EFBC}") = "Delegates", "Delegates\Delegates.csproj", "{1C8C31B0-C0B2-41B5-A9BA-0A1572D1985A}"
EndProject
Project("{FAE04EC0-301F-11D3-BF4B-00C04F79EFBC}") = "MultiCast_Delegate", "MultiCast_Delegate\MultiCast_Delegate.csproj", "{B15C1FE9-E881-4F5E-AF44-51495BDBB881}"
EndProject
Project("{FAE04EC0-301F-11D3-BF4B-00C04F79EFBC}") = "Lambda", "Lambda\Lambda.csproj", "{7C18489C-4C9E-43CB-BB7A-C19FBD38028F}"
EndProject
Project("{FAE04EC0-301F-11D3-BF4B-00C04F79EFBC}") = "Exceptions", "Exceptions\Exceptions.csproj", "{47C610F4-26EA-4203-AC88-3D31E0BCD2C6}"
EndProject
Project("{FAE04EC0-301F-11D3-BF4B-00C04F79EFBC}") = "Iterators", "Itarotor\Iterators.csproj", "{B267F3E8-B27C-4931-AD88-1A66BD7A8629}"
EndProject
Project("{FAE04EC0-301F-11D3-BF4B-00C04F79EFBC}") = "OperatorOverloading_ExtensionMethod", "OperatorOverloading\OperatorOverloading_ExtensionMethod.csproj", "{C3AB3EDC-6FB5-4B5B-996E-D98453BC5D5E}"
EndProject
Project("{FAE04EC0-301F-11D3-BF4B-00C04F79EFBC}") = "AnonymousType", "AnonymousType\AnonymousType.csproj", "{F54C5C98-37E7-4191-A4F6-4E0A350A9A94}"
EndProject
Project("{FAE04EC0-301F-11D3-BF4B-00C04F79EFBC}") = "UnitTest", "UnitTest\UnitTest.csproj", "{B41ABED3-34CC-4265-9320-48BECE5E11F5}"
EndProject
Project("{FAE04EC0-301F-11D3-BF4B-00C04F79EFBC}") = "Encoding", "Encoding\Encoding.csproj", "{704226B6-F905-45EA-8BFB-E42A506E48BB}"
EndProject
Project("{FAE04EC0-301F-11D3-BF4B-00C04F79EFBC}") = "String_Format", "String_Format\String_Format.csproj", "{966E35C8-B165-40A7-83E7-9EDF7AF2A49D}"
EndProject
Project("{FAE04EC0-301F-11D3-BF4B-00C04F79EFBC}") = "WorkingNumbers", "WorkingNumbers\WorkingNumbers.csproj", "{6E2630FD-62FA-4AD6-A29C-F032E9A88D25}"
EndProject
Project("{FAE04EC0-301F-11D3-BF4B-00C04F79EFBC}") = "GuidAndEquelity", "Guid\GuidAndEquelity.csproj", "{DAB1AA94-8B37-4AB5-BCD4-A096DC4EE3F7}"
EndProject
Project("{2150E333-8FDC-42A3-9474-1A3956D46DE8}") = "Collections", "Collections", "{3DF98732-9EBF-4902-B9DB-B0CA4A7270B6}"
EndProject
Project("{FAE04EC0-301F-11D3-BF4B-00C04F79EFBC}") = "Enumeration", "Enumeration\Enumeration.csproj", "{90F9D67E-879B-48EC-8F4B-35F04A6810A0}"
EndProject
Project("{FAE04EC0-301F-11D3-BF4B-00C04F79EFBC}") = "Customizable", "Customizable\Customizable.csproj", "{66E42879-0BC4-4E50-8ED4-661079AF8CEE}"
EndProject
Project("{FAE04EC0-301F-11D3-BF4B-00C04F79EFBC}") = "Customizable1", "Customizable1\Customizable1.csproj", "{89EB733E-28DE-4E58-B06C-4A78E07BDD77}"
EndProject
Project("{FAE04EC0-301F-11D3-BF4B-00C04F79EFBC}") = "IEqualityComparer", "IEqualityComparer\IEqualityComparer.csproj", "{F0EDAF90-9CEE-43CF-9705-10E7762A94EF}"
EndProject
Project("{FAE04EC0-301F-11D3-BF4B-00C04F79EFBC}") = "CompareSortPhoneList", "CompareSortPhoneList\CompareSortPhoneList.csproj", "{6785A273-7F97-4947-9C4B-AF3133BECD5B}"
EndProject
Project("{2150E333-8FDC-42A3-9474-1A3956D46DE8}") = "LINQ", "LINQ", "{81023DF7-8A4F-494F-8DF9-6E3E5A8D4BC6}"
EndProject
Project("{FAE04EC0-301F-11D3-BF4B-00C04F79EFBC}") = "FirstExample", "FirstExample\FirstExample.csproj", "{795D6608-DB71-45C8-992E-C784C0577C1E}"
EndProject
Project("{FAE04EC0-301F-11D3-BF4B-00C04F79EFBC}") = "QeryExpressions", "QeryExpressions\QeryExpressions.csproj", "{3118E12B-3ED7-4A69-BB83-4BE58908B513}"
EndProject
Project("{FAE04EC0-301F-11D3-BF4B-00C04F79EFBC}") = "LinqStrategies", "LinqStrategies\LinqStrategies.csproj", "{DC4B04F2-05DB-4B44-9EEF-64C75087B861}"
EndProject
Project("{2150E333-8FDC-42A3-9474-1A3956D46DE8}") = "OOP", "OOP", "{51ACC2BF-6BFB-4A83-8EB6-EB677417A3F1}"
EndProject
Project("{FAE04EC0-301F-11D3-BF4B-00C04F79EFBC}") = "Adapter", "..\..\My Books\OOP\DESIGN_PATTERNS\Adapter\Adapter.csproj", "{00FEC556-453B-4A81-B3EA-3CA10B7791A4}"
EndProject
Project("{FAE04EC0-301F-11D3-BF4B-00C04F79EFBC}") = "ChainOfResponsibility", "..\..\My Books\OOP\DESIGN_PATTERNS\ChainOfResponsibility\ChainOfResponsibility.csproj", "{27CD283B-FE34-49D2-A5D6-7E89F4B292D8}"
EndProject
Project("{FAE04EC0-301F-11D3-BF4B-00C04F79EFBC}") = "Singleton", "..\..\My Books\OOP\DESIGN_PATTERNS\Singleton\Singleton.csproj", "{E2D01842-A371-4CA9-9202-1B0B0025E175}"
EndProject
Project("{FAE04EC0-301F-11D3-BF4B-00C04F79EFBC}") = "Template_Method", "..\..\My Books\OOP\DESIGN_PATTERNS\Template_Method\Template_Method.csproj", "{18098F07-9F4D-4F72-B35F-F7BAEEC6783E}"
EndProject
Project("{FAE04EC0-301F-11D3-BF4B-00C04F79EFBC}") = "Prime_Number", "Prime_Number\Prime_Number.csproj", "{E46F5C3F-683E-4222-B65D-AF65C57731CE}"
EndProject
Project("{2150E333-8FDC-42A3-9474-1A3956D46DE8}") = "SOLID", "SOLID", "{B86DF59A-7F98-4212-B2DE-21A866DC67E9}"
EndProject
Project("{FAE04EC0-301F-11D3-BF4B-00C04F79EFBC}") = "Single_Responsibility", "Single_Responsibility\Single_Responsibility.csproj", "{26736021-182A-4F9A-B56C-D9CEB7FB4986}"
EndProject
Project("{FAE04EC0-301F-11D3-BF4B-00C04F79EFBC}") = "Decorator_Pattern", "Decorator_Pattern\Decorator_Pattern.csproj", "{91047660-7DF7-42A6-B39B-B92671660DB8}"
EndProject
Project("{2150E333-8FDC-42A3-9474-1A3956D46DE8}") = "Seriallize", "Seriallize", "{4BF63849-2783-4B02-A826-07C418B14933}"
EndProject
Project("{FAE04EC0-301F-11D3-BF4B-00C04F79EFBC}") = "SerialTest", "SerialTest\SerialTest.csproj", "{98DA986C-3798-4F22-A8E3-D9EDB29BE717}"
EndProject
Project("{FAE04EC0-301F-11D3-BF4B-00C04F79EFBC}") = "NetDataContractSerializer", "NetDataContractSerializer\NetDataContractSerializer.csproj", "{AC342EC9-7365-48D4-8564-FCA28823320C}"
EndProject
Project("{FAE04EC0-301F-11D3-BF4B-00C04F79EFBC}") = "Serializing_Subclasses", "Serializing_Subclasses\Serializing_Subclasses.csproj", "{5FCBEA6B-AD3A-4233-B1AA-1F09818C3FB9}"
EndProject
Project("{FAE04EC0-301F-11D3-BF4B-00C04F79EFBC}") = "ISerializableTeamExample", "ISerializableTeamExample\ISerializableTeamExample.csproj", "{6E2C0A0B-BAA4-4C50-8B17-DD46DDB29486}"
EndProject
Project("{FAE04EC0-301F-11D3-BF4B-00C04F79EFBC}") = "XmlSerializer", "XmlSerializer\XmlSerializer.csproj", "{44EAF0E5-BA22-42C3-B2ED-F8192B8F85C8}"
EndProject
Project("{2150E333-8FDC-42A3-9474-1A3956D46DE8}") = "Assembly_Class", "Assembly_Class", "{F4113A2F-C3CF-4646-9C40-ADB68B0B9594}"
EndProject
Project("{FAE04EC0-301F-11D3-BF4B-00C04F79EFBC}") = "Assembly_Class", "Assembly_Class\Assembly_Class.csproj", "{B789A51C-E3AE-4A9E-AA1E-BD679FB4BCED}"
EndProject
Project("{2150E333-8FDC-42A3-9474-1A3956D46DE8}") = "ReflactionMetaData", "ReflactionMetaData", "{7F121CF5-2C40-45D8-ACC3-01279B7BA4EE}"
EndProject
Project("{FAE04EC0-301F-11D3-BF4B-00C04F79EFBC}") = "ReflactionExample", "ReflactionExample\ReflactionExample.csproj", "{5BEADBC9-D15E-438A-919C-87BBB5794D1D}"
EndProject
Project("{FAE04EC0-301F-11D3-BF4B-00C04F79EFBC}") = "DelegateDynamic", "Delegate\DelegateDynamic.csproj", "{5C4BA205-2026-4905-A2BE-3E35DE9907F6}"
EndProject
Project("{2150E333-8FDC-42A3-9474-1A3956D46DE8}") = "DynamicProgramming", "DynamicProgramming", "{3FBE8F33-34FA-44FE-A1B7-21145FBD54D6}"
EndProject
Project("{FAE04EC0-301F-11D3-BF4B-00C04F79EFBC}") = "DynamicExample", "DynamicExample\DynamicExample.csproj", "{1874C66F-98E1-49F2-B477-D01AFA039474}"
EndProject
Project("{FAE04EC0-301F-11D3-BF4B-00C04F79EFBC}") = "VisitorPattern", "VisitorPattern\VisitorPattern.csproj", "{958E3203-BAC4-4327-BA5C-F5966AA93760}"
EndProject
Project("{2150E333-8FDC-42A3-9474-1A3956D46DE8}") = "Security", "Security", "{7DBAFABB-D331-4D0A-8C39-BA1E2BC06ECB}"
EndProject
Project("{FAE04EC0-301F-11D3-BF4B-00C04F79EFBC}") = "SecurityExample", "SecurityExample\SecurityExample.csproj", "{592C467F-0346-4A5E-BDDC-5749404540CC}"
EndProject
Project("{2150E333-8FDC-42A3-9474-1A3956D46DE8}") = "AdvanceThread", "AdvanceThread", "{59C73583-BE97-43D6-B08F-681BE129491E}"
EndProject
Project("{FAE04EC0-301F-11D3-BF4B-00C04F79EFBC}") = "Thread_Basic", "Thread_Basic\Thread_Basic.csproj", "{F6C9EFD3-21A6-48AA-A59D-A9A699101765}"
EndProject
Project("{FAE04EC0-301F-11D3-BF4B-00C04F79EFBC}") = "NightClub", "NightClub\NightClub.csproj", "{BC9A39C6-036E-4CBF-B42C-7B69CFA7E5BC}"
EndProject
Project("{FAE04EC0-301F-11D3-BF4B-00C04F79EFBC}") = "Two_Way_Signaling", "Two_Way_Signaling\Two_Way_Signaling.csproj", "{704F8A20-7CC0-4235-ADAA-E2EA0E57B486}"
EndProject
Project("{FAE04EC0-301F-11D3-BF4B-00C04F79EFBC}") = "ThreadStart", "ThreadStart\ThreadStart.csproj", "{525C717E-E11F-43AE-A14A-915833728EFD}"
EndProject
Project("{FAE04EC0-301F-11D3-BF4B-00C04F79EFBC}") = "Timer_Thread", "Timer_Thread\Timer_Thread.csproj", "{AA951F4C-99CA-4582-A77A-ABF2E91E5672}"
EndProject
Project("{2150E333-8FDC-42A3-9474-1A3956D46DE8}") = "ParallelizePrograming", "ParallelizePrograming", "{C67C785C-802C-4280-B345-1DA0BCBE981F}"
EndProject
Project("{FAE04EC0-301F-11D3-BF4B-00C04F79EFBC}") = "PLINQ_Example", "PLINQ_Example\PLINQ_Example.csproj", "{B6B7FD18-C071-49AD-A726-92A7A76BB352}"
EndProject
Project("{FAE04EC0-301F-11D3-BF4B-00C04F79EFBC}") = "Words_Example", "Words_Example\Words_Example.csproj", "{CD8CD8D7-FBAA-4AD2-9E1F-A3B6EE0FF2C8}"
EndProject
Project("{FAE04EC0-301F-11D3-BF4B-00C04F79EFBC}") = "The_Parallel_Class", "The_Parallel_Class\The_Parallel_Class.csproj", "{5126554A-BEC8-4626-9A47-C699AB897A75}"
EndProject
Project("{FAE04EC0-301F-11D3-BF4B-00C04F79EFBC}") = "Task_Example", "Task\Task_Example.csproj", "{340680B1-8815-42BE-9E08-D6E562BD7D3B}"
EndProject
Project("{2150E333-8FDC-42A3-9474-1A3956D46DE8}") = "Application_Domain", "Application_Domain", "{96FDA1AE-DD47-42AB-8F00-67BD9C231120}"
EndProject
Project("{FAE04EC0-301F-11D3-BF4B-00C04F79EFBC}") = "Example_Base", "Example_Base\Example_Base.csproj", "{EF9EA148-514C-49DE-B3E6-CAD768FFADB7}"
EndProject
Project("{FAE04EC0-301F-11D3-BF4B-00C04F79EFBC}") = "Domains and_Threads", "Domains and_Threads\Domains and_Threads.csproj", "{3E2E1154-7BA5-46B2-8BF2-B66C63DFBC43}"
EndProject
Project("{FAE04EC0-301F-11D3-BF4B-00C04F79EFBC}") = "Discovery", "Discovery\Discovery.csproj", "{7DB1DEB0-3E16-43ED-BE63-7C35D501A65B}"
EndProject
Project("{2150E333-8FDC-42A3-9474-1A3956D46DE8}") = "Native_Com_InterOperatibility", "Native_Com_InterOperatibility", "{211CAD92-2647-401D-B04F-711D7C87D215}"
EndProject
Project("{FAE04EC0-301F-11D3-BF4B-00C04F79EFBC}") = "ExampleSystemDate", "ExampleSystemDate\ExampleSystemDate.csproj", "{DAC3C19B-E061-4E53-916F-11D11668ACEE}"
EndProject
Project("{FAE04EC0-301F-11D3-BF4B-00C04F79EFBC}") = "Excel_Reflaction", "Excel_Reflaction\Excel_Reflaction.csproj", "{89A185D7-8FDE-4F25-8965-2E60265AFAFB}"
EndProject
Project("{FAE04EC0-301F-11D3-BF4B-00C04F79EFBC}") = "StringExtensionMethod", "StringExtensionMethod\StringExtensionMethod.csproj", "{3926A1D1-3AC9-4941-8F33-AB824420B959}"
EndProject
Project("{FAE04EC0-301F-11D3-BF4B-00C04F79EFBC}") = "EqualityComparerExample", "EqualityComparerExample\EqualityComparerExample.csproj", "{9DC7B017-B7C5-4DDF-ADC2-78231AD306FB}"
EndProject
Project("{2150E333-8FDC-42A3-9474-1A3956D46DE8}") = "CSharp_Exam", "CSharp_Exam", "{628C317F-85A8-45C5-81D7-04D40AD274E7}"
EndProject
Project("{2150E333-8FDC-42A3-9474-1A3956D46DE8}") = "Threads", "Threads", "{66A13A89-F321-4BA1-93EF-6F065D0F6E56}"
EndProject
Project("{FAE04EC0-301F-11D3-BF4B-00C04F79EFBC}") = "Chapter1", "Chapter1\Chapter1.csproj", "{A7A2B52C-DD6D-47C4-B97E-CFD861C92EFC}"
EndProject
Project("{FAE04EC0-301F-11D3-BF4B-00C04F79EFBC}") = "Chapter1_2", "Chapter1.1\Chapter1_2.csproj", "{7024DF7B-B5FB-4665-8E66-7C9FFD42D651}"
EndProject
Project("{2150E333-8FDC-42A3-9474-1A3956D46DE8}") = "Tasks", "Tasks", "{0F6DC2DB-8903-48D9-9D73-4CB4C469C2F3}"
EndProject
Project("{FAE04EC0-301F-11D3-BF4B-00C04F79EFBC}") = "Start_Task", "Start_Task\Start_Task.csproj", "{687C89AD-FF1B-4539-915A-26146E14667F}"
EndProject
Project("{FAE04EC0-301F-11D3-BF4B-00C04F79EFBC}") = "Multi_Task", "Multi_Task\Multi_Task.csproj", "{235192BB-BFA8-4B72-AF5A-DD33F97B77F9}"
EndProject
Project("{FAE04EC0-301F-11D3-BF4B-00C04F79EFBC}") = "TaskFactory_Example", "TaskFactory_Example\TaskFactory_Example.csproj", "{71246E77-DBDE-475C-AB9C-E8D772505B96}"
EndProject
Project("{2150E333-8FDC-42A3-9474-1A3956D46DE8}") = "ParallelClass", "ParallelClass", "{692F8122-2ED8-4CB1-868D-B145B5AC5C4E}"
EndProject
Project("{FAE04EC0-301F-11D3-BF4B-00C04F79EFBC}") = "Exam_1", "Exam_1\Exam_1.csproj", "{EA3B8170-FAC6-403A-899A-5D53134E8DA0}"
EndProject
Project("{2150E333-8FDC-42A3-9474-1A3956D46DE8}") = "Async_Await", "Async_Await", "{0703F219-7D62-4FA2-B905-100D63FE4A8B}"
EndProject
Project("{FAE04EC0-301F-11D3-BF4B-00C04F79EFBC}") = "Exam_1", "Exam_!\Exam_1.csproj", "{09A6E415-CF2A-4E0E-8555-A637D8C40BD3}"
EndProject
Project("{2150E333-8FDC-42A3-9474-1A3956D46DE8}") = "PLINQ", "PLINQ", "{9580AFB9-214C-495B-ADB6-3EE260B48924}"
EndProject
Project("{FAE04EC0-301F-11D3-BF4B-00C04F79EFBC}") = "Exam_1", "ConsoleApplication1\Exam_1.csproj", "{02A189F7-EDEA-44F4-A6AE-841A7305FDD7}"
EndProject
Project("{FAE04EC0-301F-11D3-BF4B-00C04F79EFBC}") = "Que", "Que\Que.csproj", "{F8A20ADE-277A-4D3F-B5D3-E00B31C01EEF}"
EndProject
Project("{FAE04EC0-301F-11D3-BF4B-00C04F79EFBC}") = "Multi_Thread", "Multi_Thread\Multi_Thread.csproj", "{9B798870-D90C-465B-9CDC-B9049D8E52D0}"
EndProject
Project("{FAE04EC0-301F-11D3-BF4B-00C04F79EFBC}") = "Cancellation", "Cancellation\Cancellation.csproj", "{6A1EAEEB-5FE6-4559-9E9E-AADC4E4C1C6C}"
EndProject
Project("{2150E333-8FDC-42A3-9474-1A3956D46DE8}") = "ManageProgrammeFlow", "ManageProgrammeFlow", "{62DCB8C7-A598-4123-8676-58BF9BF09227}"
EndProject
Project("{FAE04EC0-301F-11D3-BF4B-00C04F79EFBC}") = "Bool_Expression", "Bool_Expression\Bool_Expression.csproj", "{77A12E1C-04BB-4B62-BBE3-346213AB46EC}"
EndProject
Project("{2150E333-8FDC-42A3-9474-1A3956D46DE8}") = "DeleGate_Events", "DeleGate_Events", "{A15CD614-2F69-487D-B7D1-B15C139BB9E2}"
EndProject
Project("{FAE04EC0-301F-11D3-BF4B-00C04F79EFBC}") = "Delegate_Example", "Delegate_Example\Delegate_Example.csproj", "{DFD4E0FB-618A-4A81-9F48-6A3BE88BD701}"
EndProject
Project("{2150E333-8FDC-42A3-9474-1A3956D46DE8}") = "Lambda", "Lambda", "{AA917F66-3135-454C-8028-C979B8685F03}"
EndProject
Project("{FAE04EC0-301F-11D3-BF4B-00C04F79EFBC}") = "Example_1", "Example_1\Example_1.csproj", "{1DF620CA-B19C-4452-94A2-C6DA56DC2E95}"
EndProject
Project("{FAE04EC0-301F-11D3-BF4B-00C04F79EFBC}") = "Events", "Events\Events.csproj", "{3787AA60-35A2-4D4A-B6B1-A35F186EACF6}"
EndProject
Project("{FAE04EC0-301F-11D3-BF4B-00C04F79EFBC}") = "Event_Exam2", "Event_Exam2\Event_Exam2.csproj", "{5421A9F6-89A6-4B50-839E-A44FE98208D7}"
EndProject
Project("{2150E333-8FDC-42A3-9474-1A3956D46DE8}") = "Exception_Handling", "Exception_Handling", "{F40FBDA3-23EA-4B1B-B83F-FC67A3064EA5}"
EndProject
Project("{FAE04EC0-301F-11D3-BF4B-00C04F79EFBC}") = "Exam1", "Exam1\Exam1.csproj", "{B25E11EC-31B3-422D-827C-8BFE0534E29B}"
EndProject
Project("{FAE04EC0-301F-11D3-BF4B-00C04F79EFBC}") = "ExceptionDispatchInfo_Exam", "ExceptionDispatchInfo_Exam\ExceptionDispatchInfo_Exam.csproj", "{0C4E567A-7779-4723-91A0-910AB590E335}"
EndProject
Project("{2150E333-8FDC-42A3-9474-1A3956D46DE8}") = "MethodFunctions", "MethodFunctions", "{EFC92B4F-E308-46AF-B114-9F76BA36651D}"
EndProject
Project("{FAE04EC0-301F-11D3-BF4B-00C04F79EFBC}") = "ConsoleApplication2", "ConsoleApplication2\ConsoleApplication2.csproj", "{1FB652E5-44F5-41F0-97DF-372DE30BC733}"
EndProject
Project("{2150E333-8FDC-42A3-9474-1A3956D46DE8}") = "Generic", "Generic", "{02AD6D0D-340F-46A1-B0B5-0C8B79F73CA2}"
EndProject
Project("{FAE04EC0-301F-11D3-BF4B-00C04F79EFBC}") = "Generic_Nullable", "Generic_Nullable\Generic_Nullable.csproj", "{522EB070-CEEB-407D-925D-23B38F26A658}"
EndProject
Project("{2150E333-8FDC-42A3-9474-1A3956D46DE8}") = "Extension_Method", "Extension_Method", "{9D949425-E765-4703-A74C-968461C54C41}"
EndProject
Project("{FAE04EC0-301F-11D3-BF4B-00C04F79EFBC}") = "Exto", "Exto\Exto.csproj", "{B672C5F3-2791-4215-81F5-BB2ED6D1F9DC}"
EndProject
Project("{FAE04EC0-301F-11D3-BF4B-00C04F79EFBC}") = "Exam_Interface", "Exam_Interface\Exam_Interface.csproj", "{C2CAAD3C-308A-4883-BC23-9E47E4F3B65D}"
EndProject
Project("{FAE04EC0-301F-11D3-BF4B-00C04F79EFBC}") = "Base_Derived", "Base_Derived\Base_Derived.csproj", "{2DAA0ED8-E8F0-4890-B496-CCEB578EB339}"
EndProject
Project("{2150E333-8FDC-42A3-9474-1A3956D46DE8}") = "Principles", "Principles", "{695D781A-CF9C-4557-B6C8-445E8E6232C8}"
EndProject
Project("{FAE04EC0-301F-11D3-BF4B-00C04F79EFBC}") = "Liskov_substitution_principle", "Liskov_substitution_principle\Liskov_substitution_principle.csproj", "{473E4400-41CA-4334-A9BA-BE0A103B5875}"
EndProject
Project("{2150E333-8FDC-42A3-9474-1A3956D46DE8}") = "Interfaces", "Interfaces", "{9C309310-D84C-482B-AC93-483C71D46244}"
EndProject
Project("{FAE04EC0-301F-11D3-BF4B-00C04F79EFBC}") = "IComparable_Example", "IComparable_Example\IComparable_Example.csproj", "{D912E999-9E16-4A2D-B609-05CFDE194627}"
EndProject
Project("{FAE04EC0-301F-11D3-BF4B-00C04F79EFBC}") = "IEnumerable_Exam", "IEnumerable_Exam\IEnumerable_Exam.csproj", "{E02DF73B-125E-4A3D-994A-1FD369883B40}"
EndProject
Project("{FAE04EC0-301F-11D3-BF4B-00C04F79EFBC}") = "IDisposable_Exam", "IDisposable_Exam\IDisposable_Exam.csproj", "{52D8A7FD-A2C3-41CC-BC18-B31B6C6C737C}"
EndProject
Project("{2150E333-8FDC-42A3-9474-1A3956D46DE8}") = "Reflection", "Reflection", "{DFEFC868-1247-493E-B9D3-EB8A0D7B2DE3}"
EndProject
Project("{FAE04EC0-301F-11D3-BF4B-00C04F79EFBC}") = "Attribute", "Attribute\Attribute.csproj", "{3A6A0C21-606E-4F5F-A15D-E35936B83786}"
EndProject
Project("{FAE04EC0-301F-11D3-BF4B-00C04F79EFBC}") = "Reflect_Exam", "Reflect_Exam\Reflect_Exam.csproj", "{A2EEA919-84AD-4A01-88D9-2A6DEAB0AB77}"
EndProject
Project("{2150E333-8FDC-42A3-9474-1A3956D46DE8}") = "CodeGenerate", "CodeGenerate", "{0957F0AD-6F45-4C97-AFCB-D9D8720A7A23}"
EndProject
Project("{FAE04EC0-301F-11D3-BF4B-00C04F79EFBC}") = "HelloWorld", "HelloWorld\HelloWorld.csproj", "{2BBBAED8-8F9C-41C7-BF11-926B9D996372}"
EndProject
Project("{2150E333-8FDC-42A3-9474-1A3956D46DE8}") = "LambdaExpressions", "LambdaExpressions", "{4FF017F4-B372-4A00-B99A-59001FBA626D}"
EndProject
Project("{FAE04EC0-301F-11D3-BF4B-00C04F79EFBC}") = "Lambda_expressions", "Lambda_expressions\Lambda_expressions.csproj", "{A073DDDC-8EF6-4440-8C8B-D1E8B46F5F61}"
EndProject
Project("{2150E333-8FDC-42A3-9474-1A3956D46DE8}") = "Implement diagnostics in an application", "Implement diagnostics in an application", "{DDCA5F68-2EC4-485F-A77A-BB651959DFC2}"
EndProject
Project("{FAE04EC0-301F-11D3-BF4B-00C04F79EFBC}") = "ExamLog", "ExamLog\ExamLog.csproj", "{C3AE7D5A-65E4-4EA2-8E45-05C08B1F69CD}"
EndProject
Project("{2150E333-8FDC-42A3-9474-1A3956D46DE8}") = "Security", "Security", "{46C5DD5D-C591-45B9-A91F-91735F855E8A}"
EndProject
Project("{FAE04EC0-301F-11D3-BF4B-00C04F79EFBC}") = "Validating_JSON_XML", "Validating_JSON_XML\Validating_JSON_XML.csproj", "{A7FAC750-4D47-4EC2-BF33-97C00B6C166D}"
EndProject
Project("{FAE04EC0-301F-11D3-BF4B-00C04F79EFBC}") = "Regula_Expressions", "Regula_Expressions\Regula_Expressions.csproj", "{A7F05D55-E615-47F4-A838-6AF394AACD7F}"
EndProject
Project("{FAE04EC0-301F-11D3-BF4B-00C04F79EFBC}") = "Exam11", "Exam11\Exam11.csproj", "{2183BB97-F46D-435B-BD15-766BF7B04893}"
EndProject
Project("{2150E333-8FDC-42A3-9474-1A3956D46DE8}") = "UsingSymmetricAndAsymmetricEncryption", "UsingSymmetricAndAsymmetricEncryption", "{79EC8465-6432-4341-8DE5-9126F40F4320}"
EndProject
Project("{FAE04EC0-301F-11D3-BF4B-00C04F79EFBC}") = "ExamSecure1", "ExamSecure1\ExamSecure1.csproj", "{4FF84952-7045-4A9C-8720-0C9132CBB184}"
EndProject
Project("{2150E333-8FDC-42A3-9474-1A3956D46DE8}") = "Using hashing", "Using hashing", "{19BFB214-0E18-49AA-AA4F-A4D47BA0438E}"
EndProject
Project("{FAE04EC0-301F-11D3-BF4B-00C04F79EFBC}") = "Using_hashing", "Using_hashing\Using_hashing.csproj", "{63EC9C1A-DC38-4CA4-B211-25170CABDE1A}"
EndProject
Project("{FAE04EC0-301F-11D3-BF4B-00C04F79EFBC}") = "String_Secure", "String_Secure\String_Secure.csproj", "{7C263834-A54D-4E3C-A971-B52540B2C475}"
EndProject
Global
	GlobalSection(SolutionConfigurationPlatforms) = preSolution
		Debug|Any CPU = Debug|Any CPU
		Release|Any CPU = Release|Any CPU
	EndGlobalSection
	GlobalSection(ProjectConfigurationPlatforms) = postSolution
		{1C8C31B0-C0B2-41B5-A9BA-0A1572D1985A}.Debug|Any CPU.ActiveCfg = Debug|Any CPU
		{1C8C31B0-C0B2-41B5-A9BA-0A1572D1985A}.Debug|Any CPU.Build.0 = Debug|Any CPU
		{1C8C31B0-C0B2-41B5-A9BA-0A1572D1985A}.Release|Any CPU.ActiveCfg = Release|Any CPU
		{1C8C31B0-C0B2-41B5-A9BA-0A1572D1985A}.Release|Any CPU.Build.0 = Release|Any CPU
		{B15C1FE9-E881-4F5E-AF44-51495BDBB881}.Debug|Any CPU.ActiveCfg = Debug|Any CPU
		{B15C1FE9-E881-4F5E-AF44-51495BDBB881}.Debug|Any CPU.Build.0 = Debug|Any CPU
		{B15C1FE9-E881-4F5E-AF44-51495BDBB881}.Release|Any CPU.ActiveCfg = Release|Any CPU
		{B15C1FE9-E881-4F5E-AF44-51495BDBB881}.Release|Any CPU.Build.0 = Release|Any CPU
		{7C18489C-4C9E-43CB-BB7A-C19FBD38028F}.Debug|Any CPU.ActiveCfg = Debug|Any CPU
		{7C18489C-4C9E-43CB-BB7A-C19FBD38028F}.Debug|Any CPU.Build.0 = Debug|Any CPU
		{7C18489C-4C9E-43CB-BB7A-C19FBD38028F}.Release|Any CPU.ActiveCfg = Release|Any CPU
		{7C18489C-4C9E-43CB-BB7A-C19FBD38028F}.Release|Any CPU.Build.0 = Release|Any CPU
		{47C610F4-26EA-4203-AC88-3D31E0BCD2C6}.Debug|Any CPU.ActiveCfg = Debug|Any CPU
		{47C610F4-26EA-4203-AC88-3D31E0BCD2C6}.Debug|Any CPU.Build.0 = Debug|Any CPU
		{47C610F4-26EA-4203-AC88-3D31E0BCD2C6}.Release|Any CPU.ActiveCfg = Release|Any CPU
		{47C610F4-26EA-4203-AC88-3D31E0BCD2C6}.Release|Any CPU.Build.0 = Release|Any CPU
		{B267F3E8-B27C-4931-AD88-1A66BD7A8629}.Debug|Any CPU.ActiveCfg = Debug|Any CPU
		{B267F3E8-B27C-4931-AD88-1A66BD7A8629}.Debug|Any CPU.Build.0 = Debug|Any CPU
		{B267F3E8-B27C-4931-AD88-1A66BD7A8629}.Release|Any CPU.ActiveCfg = Release|Any CPU
		{B267F3E8-B27C-4931-AD88-1A66BD7A8629}.Release|Any CPU.Build.0 = Release|Any CPU
		{C3AB3EDC-6FB5-4B5B-996E-D98453BC5D5E}.Debug|Any CPU.ActiveCfg = Debug|Any CPU
		{C3AB3EDC-6FB5-4B5B-996E-D98453BC5D5E}.Debug|Any CPU.Build.0 = Debug|Any CPU
		{C3AB3EDC-6FB5-4B5B-996E-D98453BC5D5E}.Release|Any CPU.ActiveCfg = Release|Any CPU
		{C3AB3EDC-6FB5-4B5B-996E-D98453BC5D5E}.Release|Any CPU.Build.0 = Release|Any CPU
		{F54C5C98-37E7-4191-A4F6-4E0A350A9A94}.Debug|Any CPU.ActiveCfg = Debug|Any CPU
		{F54C5C98-37E7-4191-A4F6-4E0A350A9A94}.Debug|Any CPU.Build.0 = Debug|Any CPU
		{F54C5C98-37E7-4191-A4F6-4E0A350A9A94}.Release|Any CPU.ActiveCfg = Release|Any CPU
		{F54C5C98-37E7-4191-A4F6-4E0A350A9A94}.Release|Any CPU.Build.0 = Release|Any CPU
		{B41ABED3-34CC-4265-9320-48BECE5E11F5}.Debug|Any CPU.ActiveCfg = Debug|Any CPU
		{B41ABED3-34CC-4265-9320-48BECE5E11F5}.Debug|Any CPU.Build.0 = Debug|Any CPU
		{B41ABED3-34CC-4265-9320-48BECE5E11F5}.Release|Any CPU.ActiveCfg = Release|Any CPU
		{B41ABED3-34CC-4265-9320-48BECE5E11F5}.Release|Any CPU.Build.0 = Release|Any CPU
		{704226B6-F905-45EA-8BFB-E42A506E48BB}.Debug|Any CPU.ActiveCfg = Debug|Any CPU
		{704226B6-F905-45EA-8BFB-E42A506E48BB}.Debug|Any CPU.Build.0 = Debug|Any CPU
		{704226B6-F905-45EA-8BFB-E42A506E48BB}.Release|Any CPU.ActiveCfg = Release|Any CPU
		{704226B6-F905-45EA-8BFB-E42A506E48BB}.Release|Any CPU.Build.0 = Release|Any CPU
		{966E35C8-B165-40A7-83E7-9EDF7AF2A49D}.Debug|Any CPU.ActiveCfg = Debug|Any CPU
		{966E35C8-B165-40A7-83E7-9EDF7AF2A49D}.Debug|Any CPU.Build.0 = Debug|Any CPU
		{966E35C8-B165-40A7-83E7-9EDF7AF2A49D}.Release|Any CPU.ActiveCfg = Release|Any CPU
		{966E35C8-B165-40A7-83E7-9EDF7AF2A49D}.Release|Any CPU.Build.0 = Release|Any CPU
		{6E2630FD-62FA-4AD6-A29C-F032E9A88D25}.Debug|Any CPU.ActiveCfg = Debug|Any CPU
		{6E2630FD-62FA-4AD6-A29C-F032E9A88D25}.Debug|Any CPU.Build.0 = Debug|Any CPU
		{6E2630FD-62FA-4AD6-A29C-F032E9A88D25}.Release|Any CPU.ActiveCfg = Release|Any CPU
		{6E2630FD-62FA-4AD6-A29C-F032E9A88D25}.Release|Any CPU.Build.0 = Release|Any CPU
		{DAB1AA94-8B37-4AB5-BCD4-A096DC4EE3F7}.Debug|Any CPU.ActiveCfg = Debug|Any CPU
		{DAB1AA94-8B37-4AB5-BCD4-A096DC4EE3F7}.Debug|Any CPU.Build.0 = Debug|Any CPU
		{DAB1AA94-8B37-4AB5-BCD4-A096DC4EE3F7}.Release|Any CPU.ActiveCfg = Release|Any CPU
		{DAB1AA94-8B37-4AB5-BCD4-A096DC4EE3F7}.Release|Any CPU.Build.0 = Release|Any CPU
		{90F9D67E-879B-48EC-8F4B-35F04A6810A0}.Debug|Any CPU.ActiveCfg = Debug|Any CPU
		{90F9D67E-879B-48EC-8F4B-35F04A6810A0}.Debug|Any CPU.Build.0 = Debug|Any CPU
		{90F9D67E-879B-48EC-8F4B-35F04A6810A0}.Release|Any CPU.ActiveCfg = Release|Any CPU
		{90F9D67E-879B-48EC-8F4B-35F04A6810A0}.Release|Any CPU.Build.0 = Release|Any CPU
		{66E42879-0BC4-4E50-8ED4-661079AF8CEE}.Debug|Any CPU.ActiveCfg = Debug|Any CPU
		{66E42879-0BC4-4E50-8ED4-661079AF8CEE}.Debug|Any CPU.Build.0 = Debug|Any CPU
		{66E42879-0BC4-4E50-8ED4-661079AF8CEE}.Release|Any CPU.ActiveCfg = Release|Any CPU
		{66E42879-0BC4-4E50-8ED4-661079AF8CEE}.Release|Any CPU.Build.0 = Release|Any CPU
		{89EB733E-28DE-4E58-B06C-4A78E07BDD77}.Debug|Any CPU.ActiveCfg = Debug|Any CPU
		{89EB733E-28DE-4E58-B06C-4A78E07BDD77}.Debug|Any CPU.Build.0 = Debug|Any CPU
		{89EB733E-28DE-4E58-B06C-4A78E07BDD77}.Release|Any CPU.ActiveCfg = Release|Any CPU
		{89EB733E-28DE-4E58-B06C-4A78E07BDD77}.Release|Any CPU.Build.0 = Release|Any CPU
		{F0EDAF90-9CEE-43CF-9705-10E7762A94EF}.Debug|Any CPU.ActiveCfg = Debug|Any CPU
		{F0EDAF90-9CEE-43CF-9705-10E7762A94EF}.Debug|Any CPU.Build.0 = Debug|Any CPU
		{F0EDAF90-9CEE-43CF-9705-10E7762A94EF}.Release|Any CPU.ActiveCfg = Release|Any CPU
		{F0EDAF90-9CEE-43CF-9705-10E7762A94EF}.Release|Any CPU.Build.0 = Release|Any CPU
		{6785A273-7F97-4947-9C4B-AF3133BECD5B}.Debug|Any CPU.ActiveCfg = Debug|Any CPU
		{6785A273-7F97-4947-9C4B-AF3133BECD5B}.Debug|Any CPU.Build.0 = Debug|Any CPU
		{6785A273-7F97-4947-9C4B-AF3133BECD5B}.Release|Any CPU.ActiveCfg = Release|Any CPU
		{6785A273-7F97-4947-9C4B-AF3133BECD5B}.Release|Any CPU.Build.0 = Release|Any CPU
		{795D6608-DB71-45C8-992E-C784C0577C1E}.Debug|Any CPU.ActiveCfg = Debug|Any CPU
		{795D6608-DB71-45C8-992E-C784C0577C1E}.Debug|Any CPU.Build.0 = Debug|Any CPU
		{795D6608-DB71-45C8-992E-C784C0577C1E}.Release|Any CPU.ActiveCfg = Release|Any CPU
		{795D6608-DB71-45C8-992E-C784C0577C1E}.Release|Any CPU.Build.0 = Release|Any CPU
		{3118E12B-3ED7-4A69-BB83-4BE58908B513}.Debug|Any CPU.ActiveCfg = Debug|Any CPU
		{3118E12B-3ED7-4A69-BB83-4BE58908B513}.Debug|Any CPU.Build.0 = Debug|Any CPU
		{3118E12B-3ED7-4A69-BB83-4BE58908B513}.Release|Any CPU.ActiveCfg = Release|Any CPU
		{3118E12B-3ED7-4A69-BB83-4BE58908B513}.Release|Any CPU.Build.0 = Release|Any CPU
		{DC4B04F2-05DB-4B44-9EEF-64C75087B861}.Debug|Any CPU.ActiveCfg = Debug|Any CPU
		{DC4B04F2-05DB-4B44-9EEF-64C75087B861}.Debug|Any CPU.Build.0 = Debug|Any CPU
		{DC4B04F2-05DB-4B44-9EEF-64C75087B861}.Release|Any CPU.ActiveCfg = Release|Any CPU
		{DC4B04F2-05DB-4B44-9EEF-64C75087B861}.Release|Any CPU.Build.0 = Release|Any CPU
		{00FEC556-453B-4A81-B3EA-3CA10B7791A4}.Debug|Any CPU.ActiveCfg = Debug|Any CPU
		{00FEC556-453B-4A81-B3EA-3CA10B7791A4}.Debug|Any CPU.Build.0 = Debug|Any CPU
		{00FEC556-453B-4A81-B3EA-3CA10B7791A4}.Release|Any CPU.ActiveCfg = Release|Any CPU
		{00FEC556-453B-4A81-B3EA-3CA10B7791A4}.Release|Any CPU.Build.0 = Release|Any CPU
		{27CD283B-FE34-49D2-A5D6-7E89F4B292D8}.Debug|Any CPU.ActiveCfg = Debug|Any CPU
		{27CD283B-FE34-49D2-A5D6-7E89F4B292D8}.Debug|Any CPU.Build.0 = Debug|Any CPU
		{27CD283B-FE34-49D2-A5D6-7E89F4B292D8}.Release|Any CPU.ActiveCfg = Release|Any CPU
		{27CD283B-FE34-49D2-A5D6-7E89F4B292D8}.Release|Any CPU.Build.0 = Release|Any CPU
		{E2D01842-A371-4CA9-9202-1B0B0025E175}.Debug|Any CPU.ActiveCfg = Debug|Any CPU
		{E2D01842-A371-4CA9-9202-1B0B0025E175}.Debug|Any CPU.Build.0 = Debug|Any CPU
		{E2D01842-A371-4CA9-9202-1B0B0025E175}.Release|Any CPU.ActiveCfg = Release|Any CPU
		{E2D01842-A371-4CA9-9202-1B0B0025E175}.Release|Any CPU.Build.0 = Release|Any CPU
		{18098F07-9F4D-4F72-B35F-F7BAEEC6783E}.Debug|Any CPU.ActiveCfg = Debug|Any CPU
		{18098F07-9F4D-4F72-B35F-F7BAEEC6783E}.Debug|Any CPU.Build.0 = Debug|Any CPU
		{18098F07-9F4D-4F72-B35F-F7BAEEC6783E}.Release|Any CPU.ActiveCfg = Release|Any CPU
		{18098F07-9F4D-4F72-B35F-F7BAEEC6783E}.Release|Any CPU.Build.0 = Release|Any CPU
		{E46F5C3F-683E-4222-B65D-AF65C57731CE}.Debug|Any CPU.ActiveCfg = Debug|Any CPU
		{E46F5C3F-683E-4222-B65D-AF65C57731CE}.Debug|Any CPU.Build.0 = Debug|Any CPU
		{E46F5C3F-683E-4222-B65D-AF65C57731CE}.Release|Any CPU.ActiveCfg = Release|Any CPU
		{E46F5C3F-683E-4222-B65D-AF65C57731CE}.Release|Any CPU.Build.0 = Release|Any CPU
		{26736021-182A-4F9A-B56C-D9CEB7FB4986}.Debug|Any CPU.ActiveCfg = Debug|Any CPU
		{26736021-182A-4F9A-B56C-D9CEB7FB4986}.Debug|Any CPU.Build.0 = Debug|Any CPU
		{26736021-182A-4F9A-B56C-D9CEB7FB4986}.Release|Any CPU.ActiveCfg = Release|Any CPU
		{26736021-182A-4F9A-B56C-D9CEB7FB4986}.Release|Any CPU.Build.0 = Release|Any CPU
		{91047660-7DF7-42A6-B39B-B92671660DB8}.Debug|Any CPU.ActiveCfg = Debug|Any CPU
		{91047660-7DF7-42A6-B39B-B92671660DB8}.Debug|Any CPU.Build.0 = Debug|Any CPU
		{91047660-7DF7-42A6-B39B-B92671660DB8}.Release|Any CPU.ActiveCfg = Release|Any CPU
		{91047660-7DF7-42A6-B39B-B92671660DB8}.Release|Any CPU.Build.0 = Release|Any CPU
		{98DA986C-3798-4F22-A8E3-D9EDB29BE717}.Debug|Any CPU.ActiveCfg = Debug|Any CPU
		{98DA986C-3798-4F22-A8E3-D9EDB29BE717}.Debug|Any CPU.Build.0 = Debug|Any CPU
		{98DA986C-3798-4F22-A8E3-D9EDB29BE717}.Release|Any CPU.ActiveCfg = Release|Any CPU
		{98DA986C-3798-4F22-A8E3-D9EDB29BE717}.Release|Any CPU.Build.0 = Release|Any CPU
		{AC342EC9-7365-48D4-8564-FCA28823320C}.Debug|Any CPU.ActiveCfg = Debug|Any CPU
		{AC342EC9-7365-48D4-8564-FCA28823320C}.Debug|Any CPU.Build.0 = Debug|Any CPU
		{AC342EC9-7365-48D4-8564-FCA28823320C}.Release|Any CPU.ActiveCfg = Release|Any CPU
		{AC342EC9-7365-48D4-8564-FCA28823320C}.Release|Any CPU.Build.0 = Release|Any CPU
		{5FCBEA6B-AD3A-4233-B1AA-1F09818C3FB9}.Debug|Any CPU.ActiveCfg = Debug|Any CPU
		{5FCBEA6B-AD3A-4233-B1AA-1F09818C3FB9}.Debug|Any CPU.Build.0 = Debug|Any CPU
		{5FCBEA6B-AD3A-4233-B1AA-1F09818C3FB9}.Release|Any CPU.ActiveCfg = Release|Any CPU
		{5FCBEA6B-AD3A-4233-B1AA-1F09818C3FB9}.Release|Any CPU.Build.0 = Release|Any CPU
		{6E2C0A0B-BAA4-4C50-8B17-DD46DDB29486}.Debug|Any CPU.ActiveCfg = Debug|Any CPU
		{6E2C0A0B-BAA4-4C50-8B17-DD46DDB29486}.Debug|Any CPU.Build.0 = Debug|Any CPU
		{6E2C0A0B-BAA4-4C50-8B17-DD46DDB29486}.Release|Any CPU.ActiveCfg = Release|Any CPU
		{6E2C0A0B-BAA4-4C50-8B17-DD46DDB29486}.Release|Any CPU.Build.0 = Release|Any CPU
		{44EAF0E5-BA22-42C3-B2ED-F8192B8F85C8}.Debug|Any CPU.ActiveCfg = Debug|Any CPU
		{44EAF0E5-BA22-42C3-B2ED-F8192B8F85C8}.Debug|Any CPU.Build.0 = Debug|Any CPU
		{44EAF0E5-BA22-42C3-B2ED-F8192B8F85C8}.Release|Any CPU.ActiveCfg = Release|Any CPU
		{44EAF0E5-BA22-42C3-B2ED-F8192B8F85C8}.Release|Any CPU.Build.0 = Release|Any CPU
		{B789A51C-E3AE-4A9E-AA1E-BD679FB4BCED}.Debug|Any CPU.ActiveCfg = Debug|Any CPU
		{B789A51C-E3AE-4A9E-AA1E-BD679FB4BCED}.Debug|Any CPU.Build.0 = Debug|Any CPU
		{B789A51C-E3AE-4A9E-AA1E-BD679FB4BCED}.Release|Any CPU.ActiveCfg = Release|Any CPU
		{B789A51C-E3AE-4A9E-AA1E-BD679FB4BCED}.Release|Any CPU.Build.0 = Release|Any CPU
		{5BEADBC9-D15E-438A-919C-87BBB5794D1D}.Debug|Any CPU.ActiveCfg = Debug|Any CPU
		{5BEADBC9-D15E-438A-919C-87BBB5794D1D}.Debug|Any CPU.Build.0 = Debug|Any CPU
		{5BEADBC9-D15E-438A-919C-87BBB5794D1D}.Release|Any CPU.ActiveCfg = Release|Any CPU
		{5BEADBC9-D15E-438A-919C-87BBB5794D1D}.Release|Any CPU.Build.0 = Release|Any CPU
		{5C4BA205-2026-4905-A2BE-3E35DE9907F6}.Debug|Any CPU.ActiveCfg = Debug|Any CPU
		{5C4BA205-2026-4905-A2BE-3E35DE9907F6}.Debug|Any CPU.Build.0 = Debug|Any CPU
		{5C4BA205-2026-4905-A2BE-3E35DE9907F6}.Release|Any CPU.ActiveCfg = Release|Any CPU
		{5C4BA205-2026-4905-A2BE-3E35DE9907F6}.Release|Any CPU.Build.0 = Release|Any CPU
		{1874C66F-98E1-49F2-B477-D01AFA039474}.Debug|Any CPU.ActiveCfg = Debug|Any CPU
		{1874C66F-98E1-49F2-B477-D01AFA039474}.Debug|Any CPU.Build.0 = Debug|Any CPU
		{1874C66F-98E1-49F2-B477-D01AFA039474}.Release|Any CPU.ActiveCfg = Release|Any CPU
		{1874C66F-98E1-49F2-B477-D01AFA039474}.Release|Any CPU.Build.0 = Release|Any CPU
		{958E3203-BAC4-4327-BA5C-F5966AA93760}.Debug|Any CPU.ActiveCfg = Debug|Any CPU
		{958E3203-BAC4-4327-BA5C-F5966AA93760}.Debug|Any CPU.Build.0 = Debug|Any CPU
		{958E3203-BAC4-4327-BA5C-F5966AA93760}.Release|Any CPU.ActiveCfg = Release|Any CPU
		{958E3203-BAC4-4327-BA5C-F5966AA93760}.Release|Any CPU.Build.0 = Release|Any CPU
		{592C467F-0346-4A5E-BDDC-5749404540CC}.Debug|Any CPU.ActiveCfg = Debug|Any CPU
		{592C467F-0346-4A5E-BDDC-5749404540CC}.Debug|Any CPU.Build.0 = Debug|Any CPU
		{592C467F-0346-4A5E-BDDC-5749404540CC}.Release|Any CPU.ActiveCfg = Release|Any CPU
		{592C467F-0346-4A5E-BDDC-5749404540CC}.Release|Any CPU.Build.0 = Release|Any CPU
		{F6C9EFD3-21A6-48AA-A59D-A9A699101765}.Debug|Any CPU.ActiveCfg = Debug|Any CPU
		{F6C9EFD3-21A6-48AA-A59D-A9A699101765}.Debug|Any CPU.Build.0 = Debug|Any CPU
		{F6C9EFD3-21A6-48AA-A59D-A9A699101765}.Release|Any CPU.ActiveCfg = Release|Any CPU
		{F6C9EFD3-21A6-48AA-A59D-A9A699101765}.Release|Any CPU.Build.0 = Release|Any CPU
		{BC9A39C6-036E-4CBF-B42C-7B69CFA7E5BC}.Debug|Any CPU.ActiveCfg = Debug|Any CPU
		{BC9A39C6-036E-4CBF-B42C-7B69CFA7E5BC}.Debug|Any CPU.Build.0 = Debug|Any CPU
		{BC9A39C6-036E-4CBF-B42C-7B69CFA7E5BC}.Release|Any CPU.ActiveCfg = Release|Any CPU
		{BC9A39C6-036E-4CBF-B42C-7B69CFA7E5BC}.Release|Any CPU.Build.0 = Release|Any CPU
		{704F8A20-7CC0-4235-ADAA-E2EA0E57B486}.Debug|Any CPU.ActiveCfg = Debug|Any CPU
		{704F8A20-7CC0-4235-ADAA-E2EA0E57B486}.Debug|Any CPU.Build.0 = Debug|Any CPU
		{704F8A20-7CC0-4235-ADAA-E2EA0E57B486}.Release|Any CPU.ActiveCfg = Release|Any CPU
		{704F8A20-7CC0-4235-ADAA-E2EA0E57B486}.Release|Any CPU.Build.0 = Release|Any CPU
		{525C717E-E11F-43AE-A14A-915833728EFD}.Debug|Any CPU.ActiveCfg = Debug|Any CPU
		{525C717E-E11F-43AE-A14A-915833728EFD}.Debug|Any CPU.Build.0 = Debug|Any CPU
		{525C717E-E11F-43AE-A14A-915833728EFD}.Release|Any CPU.ActiveCfg = Release|Any CPU
		{525C717E-E11F-43AE-A14A-915833728EFD}.Release|Any CPU.Build.0 = Release|Any CPU
		{AA951F4C-99CA-4582-A77A-ABF2E91E5672}.Debug|Any CPU.ActiveCfg = Debug|Any CPU
		{AA951F4C-99CA-4582-A77A-ABF2E91E5672}.Debug|Any CPU.Build.0 = Debug|Any CPU
		{AA951F4C-99CA-4582-A77A-ABF2E91E5672}.Release|Any CPU.ActiveCfg = Release|Any CPU
		{AA951F4C-99CA-4582-A77A-ABF2E91E5672}.Release|Any CPU.Build.0 = Release|Any CPU
		{B6B7FD18-C071-49AD-A726-92A7A76BB352}.Debug|Any CPU.ActiveCfg = Debug|Any CPU
		{B6B7FD18-C071-49AD-A726-92A7A76BB352}.Debug|Any CPU.Build.0 = Debug|Any CPU
		{B6B7FD18-C071-49AD-A726-92A7A76BB352}.Release|Any CPU.ActiveCfg = Release|Any CPU
		{B6B7FD18-C071-49AD-A726-92A7A76BB352}.Release|Any CPU.Build.0 = Release|Any CPU
		{CD8CD8D7-FBAA-4AD2-9E1F-A3B6EE0FF2C8}.Debug|Any CPU.ActiveCfg = Debug|Any CPU
		{CD8CD8D7-FBAA-4AD2-9E1F-A3B6EE0FF2C8}.Debug|Any CPU.Build.0 = Debug|Any CPU
		{CD8CD8D7-FBAA-4AD2-9E1F-A3B6EE0FF2C8}.Release|Any CPU.ActiveCfg = Release|Any CPU
		{CD8CD8D7-FBAA-4AD2-9E1F-A3B6EE0FF2C8}.Release|Any CPU.Build.0 = Release|Any CPU
		{5126554A-BEC8-4626-9A47-C699AB897A75}.Debug|Any CPU.ActiveCfg = Debug|Any CPU
		{5126554A-BEC8-4626-9A47-C699AB897A75}.Debug|Any CPU.Build.0 = Debug|Any CPU
		{5126554A-BEC8-4626-9A47-C699AB897A75}.Release|Any CPU.ActiveCfg = Release|Any CPU
		{5126554A-BEC8-4626-9A47-C699AB897A75}.Release|Any CPU.Build.0 = Release|Any CPU
		{340680B1-8815-42BE-9E08-D6E562BD7D3B}.Debug|Any CPU.ActiveCfg = Debug|Any CPU
		{340680B1-8815-42BE-9E08-D6E562BD7D3B}.Debug|Any CPU.Build.0 = Debug|Any CPU
		{340680B1-8815-42BE-9E08-D6E562BD7D3B}.Release|Any CPU.ActiveCfg = Release|Any CPU
		{340680B1-8815-42BE-9E08-D6E562BD7D3B}.Release|Any CPU.Build.0 = Release|Any CPU
		{EF9EA148-514C-49DE-B3E6-CAD768FFADB7}.Debug|Any CPU.ActiveCfg = Debug|Any CPU
		{EF9EA148-514C-49DE-B3E6-CAD768FFADB7}.Debug|Any CPU.Build.0 = Debug|Any CPU
		{EF9EA148-514C-49DE-B3E6-CAD768FFADB7}.Release|Any CPU.ActiveCfg = Release|Any CPU
		{EF9EA148-514C-49DE-B3E6-CAD768FFADB7}.Release|Any CPU.Build.0 = Release|Any CPU
		{3E2E1154-7BA5-46B2-8BF2-B66C63DFBC43}.Debug|Any CPU.ActiveCfg = Debug|Any CPU
		{3E2E1154-7BA5-46B2-8BF2-B66C63DFBC43}.Debug|Any CPU.Build.0 = Debug|Any CPU
		{3E2E1154-7BA5-46B2-8BF2-B66C63DFBC43}.Release|Any CPU.ActiveCfg = Release|Any CPU
		{3E2E1154-7BA5-46B2-8BF2-B66C63DFBC43}.Release|Any CPU.Build.0 = Release|Any CPU
		{7DB1DEB0-3E16-43ED-BE63-7C35D501A65B}.Debug|Any CPU.ActiveCfg = Debug|Any CPU
		{7DB1DEB0-3E16-43ED-BE63-7C35D501A65B}.Debug|Any CPU.Build.0 = Debug|Any CPU
		{7DB1DEB0-3E16-43ED-BE63-7C35D501A65B}.Release|Any CPU.ActiveCfg = Release|Any CPU
		{7DB1DEB0-3E16-43ED-BE63-7C35D501A65B}.Release|Any CPU.Build.0 = Release|Any CPU
		{DAC3C19B-E061-4E53-916F-11D11668ACEE}.Debug|Any CPU.ActiveCfg = Debug|Any CPU
		{DAC3C19B-E061-4E53-916F-11D11668ACEE}.Debug|Any CPU.Build.0 = Debug|Any CPU
		{DAC3C19B-E061-4E53-916F-11D11668ACEE}.Release|Any CPU.ActiveCfg = Release|Any CPU
		{DAC3C19B-E061-4E53-916F-11D11668ACEE}.Release|Any CPU.Build.0 = Release|Any CPU
		{89A185D7-8FDE-4F25-8965-2E60265AFAFB}.Debug|Any CPU.ActiveCfg = Debug|Any CPU
		{89A185D7-8FDE-4F25-8965-2E60265AFAFB}.Debug|Any CPU.Build.0 = Debug|Any CPU
		{89A185D7-8FDE-4F25-8965-2E60265AFAFB}.Release|Any CPU.ActiveCfg = Release|Any CPU
		{89A185D7-8FDE-4F25-8965-2E60265AFAFB}.Release|Any CPU.Build.0 = Release|Any CPU
		{3926A1D1-3AC9-4941-8F33-AB824420B959}.Debug|Any CPU.ActiveCfg = Debug|Any CPU
		{3926A1D1-3AC9-4941-8F33-AB824420B959}.Debug|Any CPU.Build.0 = Debug|Any CPU
		{3926A1D1-3AC9-4941-8F33-AB824420B959}.Release|Any CPU.ActiveCfg = Release|Any CPU
		{3926A1D1-3AC9-4941-8F33-AB824420B959}.Release|Any CPU.Build.0 = Release|Any CPU
		{9DC7B017-B7C5-4DDF-ADC2-78231AD306FB}.Debug|Any CPU.ActiveCfg = Debug|Any CPU
		{9DC7B017-B7C5-4DDF-ADC2-78231AD306FB}.Debug|Any CPU.Build.0 = Debug|Any CPU
		{9DC7B017-B7C5-4DDF-ADC2-78231AD306FB}.Release|Any CPU.ActiveCfg = Release|Any CPU
		{9DC7B017-B7C5-4DDF-ADC2-78231AD306FB}.Release|Any CPU.Build.0 = Release|Any CPU
		{A7A2B52C-DD6D-47C4-B97E-CFD861C92EFC}.Debug|Any CPU.ActiveCfg = Debug|Any CPU
		{A7A2B52C-DD6D-47C4-B97E-CFD861C92EFC}.Debug|Any CPU.Build.0 = Debug|Any CPU
		{A7A2B52C-DD6D-47C4-B97E-CFD861C92EFC}.Release|Any CPU.ActiveCfg = Release|Any CPU
		{A7A2B52C-DD6D-47C4-B97E-CFD861C92EFC}.Release|Any CPU.Build.0 = Release|Any CPU
		{7024DF7B-B5FB-4665-8E66-7C9FFD42D651}.Debug|Any CPU.ActiveCfg = Debug|Any CPU
		{7024DF7B-B5FB-4665-8E66-7C9FFD42D651}.Debug|Any CPU.Build.0 = Debug|Any CPU
		{7024DF7B-B5FB-4665-8E66-7C9FFD42D651}.Release|Any CPU.ActiveCfg = Release|Any CPU
		{7024DF7B-B5FB-4665-8E66-7C9FFD42D651}.Release|Any CPU.Build.0 = Release|Any CPU
		{687C89AD-FF1B-4539-915A-26146E14667F}.Debug|Any CPU.ActiveCfg = Debug|Any CPU
		{687C89AD-FF1B-4539-915A-26146E14667F}.Debug|Any CPU.Build.0 = Debug|Any CPU
		{687C89AD-FF1B-4539-915A-26146E14667F}.Release|Any CPU.ActiveCfg = Release|Any CPU
		{687C89AD-FF1B-4539-915A-26146E14667F}.Release|Any CPU.Build.0 = Release|Any CPU
		{235192BB-BFA8-4B72-AF5A-DD33F97B77F9}.Debug|Any CPU.ActiveCfg = Debug|Any CPU
		{235192BB-BFA8-4B72-AF5A-DD33F97B77F9}.Debug|Any CPU.Build.0 = Debug|Any CPU
		{235192BB-BFA8-4B72-AF5A-DD33F97B77F9}.Release|Any CPU.ActiveCfg = Release|Any CPU
		{235192BB-BFA8-4B72-AF5A-DD33F97B77F9}.Release|Any CPU.Build.0 = Release|Any CPU
		{71246E77-DBDE-475C-AB9C-E8D772505B96}.Debug|Any CPU.ActiveCfg = Debug|Any CPU
		{71246E77-DBDE-475C-AB9C-E8D772505B96}.Debug|Any CPU.Build.0 = Debug|Any CPU
		{71246E77-DBDE-475C-AB9C-E8D772505B96}.Release|Any CPU.ActiveCfg = Release|Any CPU
		{71246E77-DBDE-475C-AB9C-E8D772505B96}.Release|Any CPU.Build.0 = Release|Any CPU
		{EA3B8170-FAC6-403A-899A-5D53134E8DA0}.Debug|Any CPU.ActiveCfg = Debug|Any CPU
		{EA3B8170-FAC6-403A-899A-5D53134E8DA0}.Debug|Any CPU.Build.0 = Debug|Any CPU
		{EA3B8170-FAC6-403A-899A-5D53134E8DA0}.Release|Any CPU.ActiveCfg = Release|Any CPU
		{EA3B8170-FAC6-403A-899A-5D53134E8DA0}.Release|Any CPU.Build.0 = Release|Any CPU
		{09A6E415-CF2A-4E0E-8555-A637D8C40BD3}.Debug|Any CPU.ActiveCfg = Debug|Any CPU
		{09A6E415-CF2A-4E0E-8555-A637D8C40BD3}.Debug|Any CPU.Build.0 = Debug|Any CPU
		{09A6E415-CF2A-4E0E-8555-A637D8C40BD3}.Release|Any CPU.ActiveCfg = Release|Any CPU
		{09A6E415-CF2A-4E0E-8555-A637D8C40BD3}.Release|Any CPU.Build.0 = Release|Any CPU
		{02A189F7-EDEA-44F4-A6AE-841A7305FDD7}.Debug|Any CPU.ActiveCfg = Debug|Any CPU
		{02A189F7-EDEA-44F4-A6AE-841A7305FDD7}.Debug|Any CPU.Build.0 = Debug|Any CPU
		{02A189F7-EDEA-44F4-A6AE-841A7305FDD7}.Release|Any CPU.ActiveCfg = Release|Any CPU
		{02A189F7-EDEA-44F4-A6AE-841A7305FDD7}.Release|Any CPU.Build.0 = Release|Any CPU
		{F8A20ADE-277A-4D3F-B5D3-E00B31C01EEF}.Debug|Any CPU.ActiveCfg = Debug|Any CPU
		{F8A20ADE-277A-4D3F-B5D3-E00B31C01EEF}.Debug|Any CPU.Build.0 = Debug|Any CPU
		{F8A20ADE-277A-4D3F-B5D3-E00B31C01EEF}.Release|Any CPU.ActiveCfg = Release|Any CPU
		{F8A20ADE-277A-4D3F-B5D3-E00B31C01EEF}.Release|Any CPU.Build.0 = Release|Any CPU
		{9B798870-D90C-465B-9CDC-B9049D8E52D0}.Debug|Any CPU.ActiveCfg = Debug|Any CPU
		{9B798870-D90C-465B-9CDC-B9049D8E52D0}.Debug|Any CPU.Build.0 = Debug|Any CPU
		{9B798870-D90C-465B-9CDC-B9049D8E52D0}.Release|Any CPU.ActiveCfg = Release|Any CPU
		{9B798870-D90C-465B-9CDC-B9049D8E52D0}.Release|Any CPU.Build.0 = Release|Any CPU
		{6A1EAEEB-5FE6-4559-9E9E-AADC4E4C1C6C}.Debug|Any CPU.ActiveCfg = Debug|Any CPU
		{6A1EAEEB-5FE6-4559-9E9E-AADC4E4C1C6C}.Debug|Any CPU.Build.0 = Debug|Any CPU
		{6A1EAEEB-5FE6-4559-9E9E-AADC4E4C1C6C}.Release|Any CPU.ActiveCfg = Release|Any CPU
		{6A1EAEEB-5FE6-4559-9E9E-AADC4E4C1C6C}.Release|Any CPU.Build.0 = Release|Any CPU
		{77A12E1C-04BB-4B62-BBE3-346213AB46EC}.Debug|Any CPU.ActiveCfg = Debug|Any CPU
		{77A12E1C-04BB-4B62-BBE3-346213AB46EC}.Debug|Any CPU.Build.0 = Debug|Any CPU
		{77A12E1C-04BB-4B62-BBE3-346213AB46EC}.Release|Any CPU.ActiveCfg = Release|Any CPU
		{77A12E1C-04BB-4B62-BBE3-346213AB46EC}.Release|Any CPU.Build.0 = Release|Any CPU
		{DFD4E0FB-618A-4A81-9F48-6A3BE88BD701}.Debug|Any CPU.ActiveCfg = Debug|Any CPU
		{DFD4E0FB-618A-4A81-9F48-6A3BE88BD701}.Debug|Any CPU.Build.0 = Debug|Any CPU
		{DFD4E0FB-618A-4A81-9F48-6A3BE88BD701}.Release|Any CPU.ActiveCfg = Release|Any CPU
		{DFD4E0FB-618A-4A81-9F48-6A3BE88BD701}.Release|Any CPU.Build.0 = Release|Any CPU
		{1DF620CA-B19C-4452-94A2-C6DA56DC2E95}.Debug|Any CPU.ActiveCfg = Debug|Any CPU
		{1DF620CA-B19C-4452-94A2-C6DA56DC2E95}.Debug|Any CPU.Build.0 = Debug|Any CPU
		{1DF620CA-B19C-4452-94A2-C6DA56DC2E95}.Release|Any CPU.ActiveCfg = Release|Any CPU
		{1DF620CA-B19C-4452-94A2-C6DA56DC2E95}.Release|Any CPU.Build.0 = Release|Any CPU
		{3787AA60-35A2-4D4A-B6B1-A35F186EACF6}.Debug|Any CPU.ActiveCfg = Debug|Any CPU
		{3787AA60-35A2-4D4A-B6B1-A35F186EACF6}.Debug|Any CPU.Build.0 = Debug|Any CPU
		{3787AA60-35A2-4D4A-B6B1-A35F186EACF6}.Release|Any CPU.ActiveCfg = Release|Any CPU
		{3787AA60-35A2-4D4A-B6B1-A35F186EACF6}.Release|Any CPU.Build.0 = Release|Any CPU
		{5421A9F6-89A6-4B50-839E-A44FE98208D7}.Debug|Any CPU.ActiveCfg = Debug|Any CPU
		{5421A9F6-89A6-4B50-839E-A44FE98208D7}.Debug|Any CPU.Build.0 = Debug|Any CPU
		{5421A9F6-89A6-4B50-839E-A44FE98208D7}.Release|Any CPU.ActiveCfg = Release|Any CPU
		{5421A9F6-89A6-4B50-839E-A44FE98208D7}.Release|Any CPU.Build.0 = Release|Any CPU
		{B25E11EC-31B3-422D-827C-8BFE0534E29B}.Debug|Any CPU.ActiveCfg = Debug|Any CPU
		{B25E11EC-31B3-422D-827C-8BFE0534E29B}.Debug|Any CPU.Build.0 = Debug|Any CPU
		{B25E11EC-31B3-422D-827C-8BFE0534E29B}.Release|Any CPU.ActiveCfg = Release|Any CPU
		{B25E11EC-31B3-422D-827C-8BFE0534E29B}.Release|Any CPU.Build.0 = Release|Any CPU
		{0C4E567A-7779-4723-91A0-910AB590E335}.Debug|Any CPU.ActiveCfg = Debug|Any CPU
		{0C4E567A-7779-4723-91A0-910AB590E335}.Debug|Any CPU.Build.0 = Debug|Any CPU
		{0C4E567A-7779-4723-91A0-910AB590E335}.Release|Any CPU.ActiveCfg = Release|Any CPU
		{0C4E567A-7779-4723-91A0-910AB590E335}.Release|Any CPU.Build.0 = Release|Any CPU
		{1FB652E5-44F5-41F0-97DF-372DE30BC733}.Debug|Any CPU.ActiveCfg = Debug|Any CPU
		{1FB652E5-44F5-41F0-97DF-372DE30BC733}.Debug|Any CPU.Build.0 = Debug|Any CPU
		{1FB652E5-44F5-41F0-97DF-372DE30BC733}.Release|Any CPU.ActiveCfg = Release|Any CPU
		{1FB652E5-44F5-41F0-97DF-372DE30BC733}.Release|Any CPU.Build.0 = Release|Any CPU
		{522EB070-CEEB-407D-925D-23B38F26A658}.Debug|Any CPU.ActiveCfg = Debug|Any CPU
		{522EB070-CEEB-407D-925D-23B38F26A658}.Debug|Any CPU.Build.0 = Debug|Any CPU
		{522EB070-CEEB-407D-925D-23B38F26A658}.Release|Any CPU.ActiveCfg = Release|Any CPU
		{522EB070-CEEB-407D-925D-23B38F26A658}.Release|Any CPU.Build.0 = Release|Any CPU
		{B672C5F3-2791-4215-81F5-BB2ED6D1F9DC}.Debug|Any CPU.ActiveCfg = Debug|Any CPU
		{B672C5F3-2791-4215-81F5-BB2ED6D1F9DC}.Debug|Any CPU.Build.0 = Debug|Any CPU
		{B672C5F3-2791-4215-81F5-BB2ED6D1F9DC}.Release|Any CPU.ActiveCfg = Release|Any CPU
		{B672C5F3-2791-4215-81F5-BB2ED6D1F9DC}.Release|Any CPU.Build.0 = Release|Any CPU
		{C2CAAD3C-308A-4883-BC23-9E47E4F3B65D}.Debug|Any CPU.ActiveCfg = Debug|Any CPU
		{C2CAAD3C-308A-4883-BC23-9E47E4F3B65D}.Debug|Any CPU.Build.0 = Debug|Any CPU
		{C2CAAD3C-308A-4883-BC23-9E47E4F3B65D}.Release|Any CPU.ActiveCfg = Release|Any CPU
		{C2CAAD3C-308A-4883-BC23-9E47E4F3B65D}.Release|Any CPU.Build.0 = Release|Any CPU
		{2DAA0ED8-E8F0-4890-B496-CCEB578EB339}.Debug|Any CPU.ActiveCfg = Debug|Any CPU
		{2DAA0ED8-E8F0-4890-B496-CCEB578EB339}.Debug|Any CPU.Build.0 = Debug|Any CPU
		{2DAA0ED8-E8F0-4890-B496-CCEB578EB339}.Release|Any CPU.ActiveCfg = Release|Any CPU
		{2DAA0ED8-E8F0-4890-B496-CCEB578EB339}.Release|Any CPU.Build.0 = Release|Any CPU
		{473E4400-41CA-4334-A9BA-BE0A103B5875}.Debug|Any CPU.ActiveCfg = Debug|Any CPU
		{473E4400-41CA-4334-A9BA-BE0A103B5875}.Debug|Any CPU.Build.0 = Debug|Any CPU
		{473E4400-41CA-4334-A9BA-BE0A103B5875}.Release|Any CPU.ActiveCfg = Release|Any CPU
		{473E4400-41CA-4334-A9BA-BE0A103B5875}.Release|Any CPU.Build.0 = Release|Any CPU
		{D912E999-9E16-4A2D-B609-05CFDE194627}.Debug|Any CPU.ActiveCfg = Debug|Any CPU
		{D912E999-9E16-4A2D-B609-05CFDE194627}.Debug|Any CPU.Build.0 = Debug|Any CPU
		{D912E999-9E16-4A2D-B609-05CFDE194627}.Release|Any CPU.ActiveCfg = Release|Any CPU
		{D912E999-9E16-4A2D-B609-05CFDE194627}.Release|Any CPU.Build.0 = Release|Any CPU
		{E02DF73B-125E-4A3D-994A-1FD369883B40}.Debug|Any CPU.ActiveCfg = Debug|Any CPU
		{E02DF73B-125E-4A3D-994A-1FD369883B40}.Debug|Any CPU.Build.0 = Debug|Any CPU
		{E02DF73B-125E-4A3D-994A-1FD369883B40}.Release|Any CPU.ActiveCfg = Release|Any CPU
		{E02DF73B-125E-4A3D-994A-1FD369883B40}.Release|Any CPU.Build.0 = Release|Any CPU
		{52D8A7FD-A2C3-41CC-BC18-B31B6C6C737C}.Debug|Any CPU.ActiveCfg = Debug|Any CPU
		{52D8A7FD-A2C3-41CC-BC18-B31B6C6C737C}.Debug|Any CPU.Build.0 = Debug|Any CPU
		{52D8A7FD-A2C3-41CC-BC18-B31B6C6C737C}.Release|Any CPU.ActiveCfg = Release|Any CPU
		{52D8A7FD-A2C3-41CC-BC18-B31B6C6C737C}.Release|Any CPU.Build.0 = Release|Any CPU
		{3A6A0C21-606E-4F5F-A15D-E35936B83786}.Debug|Any CPU.ActiveCfg = Debug|Any CPU
		{3A6A0C21-606E-4F5F-A15D-E35936B83786}.Debug|Any CPU.Build.0 = Debug|Any CPU
		{3A6A0C21-606E-4F5F-A15D-E35936B83786}.Release|Any CPU.ActiveCfg = Release|Any CPU
		{3A6A0C21-606E-4F5F-A15D-E35936B83786}.Release|Any CPU.Build.0 = Release|Any CPU
		{A2EEA919-84AD-4A01-88D9-2A6DEAB0AB77}.Debug|Any CPU.ActiveCfg = Debug|Any CPU
		{A2EEA919-84AD-4A01-88D9-2A6DEAB0AB77}.Debug|Any CPU.Build.0 = Debug|Any CPU
		{A2EEA919-84AD-4A01-88D9-2A6DEAB0AB77}.Release|Any CPU.ActiveCfg = Release|Any CPU
		{A2EEA919-84AD-4A01-88D9-2A6DEAB0AB77}.Release|Any CPU.Build.0 = Release|Any CPU
		{2BBBAED8-8F9C-41C7-BF11-926B9D996372}.Debug|Any CPU.ActiveCfg = Debug|Any CPU
		{2BBBAED8-8F9C-41C7-BF11-926B9D996372}.Debug|Any CPU.Build.0 = Debug|Any CPU
		{2BBBAED8-8F9C-41C7-BF11-926B9D996372}.Release|Any CPU.ActiveCfg = Release|Any CPU
		{2BBBAED8-8F9C-41C7-BF11-926B9D996372}.Release|Any CPU.Build.0 = Release|Any CPU
		{A073DDDC-8EF6-4440-8C8B-D1E8B46F5F61}.Debug|Any CPU.ActiveCfg = Debug|Any CPU
		{A073DDDC-8EF6-4440-8C8B-D1E8B46F5F61}.Debug|Any CPU.Build.0 = Debug|Any CPU
		{A073DDDC-8EF6-4440-8C8B-D1E8B46F5F61}.Release|Any CPU.ActiveCfg = Release|Any CPU
		{A073DDDC-8EF6-4440-8C8B-D1E8B46F5F61}.Release|Any CPU.Build.0 = Release|Any CPU
		{C3AE7D5A-65E4-4EA2-8E45-05C08B1F69CD}.Debug|Any CPU.ActiveCfg = Debug|Any CPU
		{C3AE7D5A-65E4-4EA2-8E45-05C08B1F69CD}.Debug|Any CPU.Build.0 = Debug|Any CPU
		{C3AE7D5A-65E4-4EA2-8E45-05C08B1F69CD}.Release|Any CPU.ActiveCfg = Release|Any CPU
		{C3AE7D5A-65E4-4EA2-8E45-05C08B1F69CD}.Release|Any CPU.Build.0 = Release|Any CPU
		{A7FAC750-4D47-4EC2-BF33-97C00B6C166D}.Debug|Any CPU.ActiveCfg = Debug|Any CPU
		{A7FAC750-4D47-4EC2-BF33-97C00B6C166D}.Debug|Any CPU.Build.0 = Debug|Any CPU
		{A7FAC750-4D47-4EC2-BF33-97C00B6C166D}.Release|Any CPU.ActiveCfg = Release|Any CPU
		{A7FAC750-4D47-4EC2-BF33-97C00B6C166D}.Release|Any CPU.Build.0 = Release|Any CPU
		{A7F05D55-E615-47F4-A838-6AF394AACD7F}.Debug|Any CPU.ActiveCfg = Debug|Any CPU
		{A7F05D55-E615-47F4-A838-6AF394AACD7F}.Debug|Any CPU.Build.0 = Debug|Any CPU
		{A7F05D55-E615-47F4-A838-6AF394AACD7F}.Release|Any CPU.ActiveCfg = Release|Any CPU
		{A7F05D55-E615-47F4-A838-6AF394AACD7F}.Release|Any CPU.Build.0 = Release|Any CPU
		{2183BB97-F46D-435B-BD15-766BF7B04893}.Debug|Any CPU.ActiveCfg = Debug|Any CPU
		{2183BB97-F46D-435B-BD15-766BF7B04893}.Debug|Any CPU.Build.0 = Debug|Any CPU
		{2183BB97-F46D-435B-BD15-766BF7B04893}.Release|Any CPU.ActiveCfg = Release|Any CPU
		{2183BB97-F46D-435B-BD15-766BF7B04893}.Release|Any CPU.Build.0 = Release|Any CPU
		{4FF84952-7045-4A9C-8720-0C9132CBB184}.Debug|Any CPU.ActiveCfg = Debug|Any CPU
		{4FF84952-7045-4A9C-8720-0C9132CBB184}.Debug|Any CPU.Build.0 = Debug|Any CPU
		{4FF84952-7045-4A9C-8720-0C9132CBB184}.Release|Any CPU.ActiveCfg = Release|Any CPU
		{4FF84952-7045-4A9C-8720-0C9132CBB184}.Release|Any CPU.Build.0 = Release|Any CPU
		{63EC9C1A-DC38-4CA4-B211-25170CABDE1A}.Debug|Any CPU.ActiveCfg = Debug|Any CPU
		{63EC9C1A-DC38-4CA4-B211-25170CABDE1A}.Debug|Any CPU.Build.0 = Debug|Any CPU
		{63EC9C1A-DC38-4CA4-B211-25170CABDE1A}.Release|Any CPU.ActiveCfg = Release|Any CPU
		{63EC9C1A-DC38-4CA4-B211-25170CABDE1A}.Release|Any CPU.Build.0 = Release|Any CPU
		{7C263834-A54D-4E3C-A971-B52540B2C475}.Debug|Any CPU.ActiveCfg = Debug|Any CPU
		{7C263834-A54D-4E3C-A971-B52540B2C475}.Debug|Any CPU.Build.0 = Debug|Any CPU
		{7C263834-A54D-4E3C-A971-B52540B2C475}.Release|Any CPU.ActiveCfg = Release|Any CPU
		{7C263834-A54D-4E3C-A971-B52540B2C475}.Release|Any CPU.Build.0 = Release|Any CPU
	EndGlobalSection
	GlobalSection(SolutionProperties) = preSolution
		HideSolutionNode = FALSE
	EndGlobalSection
	GlobalSection(NestedProjects) = preSolution
		{90F9D67E-879B-48EC-8F4B-35F04A6810A0} = {3DF98732-9EBF-4902-B9DB-B0CA4A7270B6}
		{66E42879-0BC4-4E50-8ED4-661079AF8CEE} = {3DF98732-9EBF-4902-B9DB-B0CA4A7270B6}
		{89EB733E-28DE-4E58-B06C-4A78E07BDD77} = {3DF98732-9EBF-4902-B9DB-B0CA4A7270B6}
		{F0EDAF90-9CEE-43CF-9705-10E7762A94EF} = {3DF98732-9EBF-4902-B9DB-B0CA4A7270B6}
		{6785A273-7F97-4947-9C4B-AF3133BECD5B} = {3DF98732-9EBF-4902-B9DB-B0CA4A7270B6}
		{795D6608-DB71-45C8-992E-C784C0577C1E} = {81023DF7-8A4F-494F-8DF9-6E3E5A8D4BC6}
		{3118E12B-3ED7-4A69-BB83-4BE58908B513} = {81023DF7-8A4F-494F-8DF9-6E3E5A8D4BC6}
		{DC4B04F2-05DB-4B44-9EEF-64C75087B861} = {81023DF7-8A4F-494F-8DF9-6E3E5A8D4BC6}
		{00FEC556-453B-4A81-B3EA-3CA10B7791A4} = {51ACC2BF-6BFB-4A83-8EB6-EB677417A3F1}
		{27CD283B-FE34-49D2-A5D6-7E89F4B292D8} = {51ACC2BF-6BFB-4A83-8EB6-EB677417A3F1}
		{E2D01842-A371-4CA9-9202-1B0B0025E175} = {51ACC2BF-6BFB-4A83-8EB6-EB677417A3F1}
		{18098F07-9F4D-4F72-B35F-F7BAEEC6783E} = {51ACC2BF-6BFB-4A83-8EB6-EB677417A3F1}
		{26736021-182A-4F9A-B56C-D9CEB7FB4986} = {B86DF59A-7F98-4212-B2DE-21A866DC67E9}
		{91047660-7DF7-42A6-B39B-B92671660DB8} = {51ACC2BF-6BFB-4A83-8EB6-EB677417A3F1}
		{98DA986C-3798-4F22-A8E3-D9EDB29BE717} = {4BF63849-2783-4B02-A826-07C418B14933}
		{AC342EC9-7365-48D4-8564-FCA28823320C} = {4BF63849-2783-4B02-A826-07C418B14933}
		{5FCBEA6B-AD3A-4233-B1AA-1F09818C3FB9} = {4BF63849-2783-4B02-A826-07C418B14933}
		{6E2C0A0B-BAA4-4C50-8B17-DD46DDB29486} = {4BF63849-2783-4B02-A826-07C418B14933}
		{44EAF0E5-BA22-42C3-B2ED-F8192B8F85C8} = {4BF63849-2783-4B02-A826-07C418B14933}
		{B789A51C-E3AE-4A9E-AA1E-BD679FB4BCED} = {F4113A2F-C3CF-4646-9C40-ADB68B0B9594}
		{5BEADBC9-D15E-438A-919C-87BBB5794D1D} = {7F121CF5-2C40-45D8-ACC3-01279B7BA4EE}
		{5C4BA205-2026-4905-A2BE-3E35DE9907F6} = {7F121CF5-2C40-45D8-ACC3-01279B7BA4EE}
		{1874C66F-98E1-49F2-B477-D01AFA039474} = {3FBE8F33-34FA-44FE-A1B7-21145FBD54D6}
		{958E3203-BAC4-4327-BA5C-F5966AA93760} = {3FBE8F33-34FA-44FE-A1B7-21145FBD54D6}
		{592C467F-0346-4A5E-BDDC-5749404540CC} = {7DBAFABB-D331-4D0A-8C39-BA1E2BC06ECB}
		{F6C9EFD3-21A6-48AA-A59D-A9A699101765} = {59C73583-BE97-43D6-B08F-681BE129491E}
		{BC9A39C6-036E-4CBF-B42C-7B69CFA7E5BC} = {59C73583-BE97-43D6-B08F-681BE129491E}
		{704F8A20-7CC0-4235-ADAA-E2EA0E57B486} = {59C73583-BE97-43D6-B08F-681BE129491E}
		{525C717E-E11F-43AE-A14A-915833728EFD} = {59C73583-BE97-43D6-B08F-681BE129491E}
		{AA951F4C-99CA-4582-A77A-ABF2E91E5672} = {59C73583-BE97-43D6-B08F-681BE129491E}
		{B6B7FD18-C071-49AD-A726-92A7A76BB352} = {C67C785C-802C-4280-B345-1DA0BCBE981F}
		{CD8CD8D7-FBAA-4AD2-9E1F-A3B6EE0FF2C8} = {C67C785C-802C-4280-B345-1DA0BCBE981F}
		{5126554A-BEC8-4626-9A47-C699AB897A75} = {C67C785C-802C-4280-B345-1DA0BCBE981F}
		{340680B1-8815-42BE-9E08-D6E562BD7D3B} = {C67C785C-802C-4280-B345-1DA0BCBE981F}
		{EF9EA148-514C-49DE-B3E6-CAD768FFADB7} = {96FDA1AE-DD47-42AB-8F00-67BD9C231120}
		{3E2E1154-7BA5-46B2-8BF2-B66C63DFBC43} = {96FDA1AE-DD47-42AB-8F00-67BD9C231120}
		{7DB1DEB0-3E16-43ED-BE63-7C35D501A65B} = {96FDA1AE-DD47-42AB-8F00-67BD9C231120}
		{DAC3C19B-E061-4E53-916F-11D11668ACEE} = {211CAD92-2647-401D-B04F-711D7C87D215}
		{89A185D7-8FDE-4F25-8965-2E60265AFAFB} = {211CAD92-2647-401D-B04F-711D7C87D215}
		{9DC7B017-B7C5-4DDF-ADC2-78231AD306FB} = {81023DF7-8A4F-494F-8DF9-6E3E5A8D4BC6}
		{66A13A89-F321-4BA1-93EF-6F065D0F6E56} = {628C317F-85A8-45C5-81D7-04D40AD274E7}
		{A7A2B52C-DD6D-47C4-B97E-CFD861C92EFC} = {66A13A89-F321-4BA1-93EF-6F065D0F6E56}
		{7024DF7B-B5FB-4665-8E66-7C9FFD42D651} = {66A13A89-F321-4BA1-93EF-6F065D0F6E56}
		{0F6DC2DB-8903-48D9-9D73-4CB4C469C2F3} = {628C317F-85A8-45C5-81D7-04D40AD274E7}
		{687C89AD-FF1B-4539-915A-26146E14667F} = {0F6DC2DB-8903-48D9-9D73-4CB4C469C2F3}
		{235192BB-BFA8-4B72-AF5A-DD33F97B77F9} = {0F6DC2DB-8903-48D9-9D73-4CB4C469C2F3}
		{71246E77-DBDE-475C-AB9C-E8D772505B96} = {0F6DC2DB-8903-48D9-9D73-4CB4C469C2F3}
		{692F8122-2ED8-4CB1-868D-B145B5AC5C4E} = {628C317F-85A8-45C5-81D7-04D40AD274E7}
		{EA3B8170-FAC6-403A-899A-5D53134E8DA0} = {692F8122-2ED8-4CB1-868D-B145B5AC5C4E}
		{0703F219-7D62-4FA2-B905-100D63FE4A8B} = {628C317F-85A8-45C5-81D7-04D40AD274E7}
		{09A6E415-CF2A-4E0E-8555-A637D8C40BD3} = {0703F219-7D62-4FA2-B905-100D63FE4A8B}
		{9580AFB9-214C-495B-ADB6-3EE260B48924} = {628C317F-85A8-45C5-81D7-04D40AD274E7}
		{02A189F7-EDEA-44F4-A6AE-841A7305FDD7} = {9580AFB9-214C-495B-ADB6-3EE260B48924}
		{F8A20ADE-277A-4D3F-B5D3-E00B31C01EEF} = {0F6DC2DB-8903-48D9-9D73-4CB4C469C2F3}
		{9B798870-D90C-465B-9CDC-B9049D8E52D0} = {66A13A89-F321-4BA1-93EF-6F065D0F6E56}
		{6A1EAEEB-5FE6-4559-9E9E-AADC4E4C1C6C} = {66A13A89-F321-4BA1-93EF-6F065D0F6E56}
		{62DCB8C7-A598-4123-8676-58BF9BF09227} = {628C317F-85A8-45C5-81D7-04D40AD274E7}
		{77A12E1C-04BB-4B62-BBE3-346213AB46EC} = {62DCB8C7-A598-4123-8676-58BF9BF09227}
		{A15CD614-2F69-487D-B7D1-B15C139BB9E2} = {628C317F-85A8-45C5-81D7-04D40AD274E7}
		{DFD4E0FB-618A-4A81-9F48-6A3BE88BD701} = {A15CD614-2F69-487D-B7D1-B15C139BB9E2}
		{AA917F66-3135-454C-8028-C979B8685F03} = {628C317F-85A8-45C5-81D7-04D40AD274E7}
		{1DF620CA-B19C-4452-94A2-C6DA56DC2E95} = {AA917F66-3135-454C-8028-C979B8685F03}
		{3787AA60-35A2-4D4A-B6B1-A35F186EACF6} = {A15CD614-2F69-487D-B7D1-B15C139BB9E2}
		{5421A9F6-89A6-4B50-839E-A44FE98208D7} = {A15CD614-2F69-487D-B7D1-B15C139BB9E2}
		{F40FBDA3-23EA-4B1B-B83F-FC67A3064EA5} = {628C317F-85A8-45C5-81D7-04D40AD274E7}
		{B25E11EC-31B3-422D-827C-8BFE0534E29B} = {F40FBDA3-23EA-4B1B-B83F-FC67A3064EA5}
		{0C4E567A-7779-4723-91A0-910AB590E335} = {F40FBDA3-23EA-4B1B-B83F-FC67A3064EA5}
		{EFC92B4F-E308-46AF-B114-9F76BA36651D} = {628C317F-85A8-45C5-81D7-04D40AD274E7}
		{1FB652E5-44F5-41F0-97DF-372DE30BC733} = {EFC92B4F-E308-46AF-B114-9F76BA36651D}
		{02AD6D0D-340F-46A1-B0B5-0C8B79F73CA2} = {628C317F-85A8-45C5-81D7-04D40AD274E7}
		{522EB070-CEEB-407D-925D-23B38F26A658} = {02AD6D0D-340F-46A1-B0B5-0C8B79F73CA2}
		{9D949425-E765-4703-A74C-968461C54C41} = {628C317F-85A8-45C5-81D7-04D40AD274E7}
		{B672C5F3-2791-4215-81F5-BB2ED6D1F9DC} = {9D949425-E765-4703-A74C-968461C54C41}
		{C2CAAD3C-308A-4883-BC23-9E47E4F3B65D} = {9D949425-E765-4703-A74C-968461C54C41}
		{2DAA0ED8-E8F0-4890-B496-CCEB578EB339} = {9D949425-E765-4703-A74C-968461C54C41}
		{695D781A-CF9C-4557-B6C8-445E8E6232C8} = {628C317F-85A8-45C5-81D7-04D40AD274E7}
		{473E4400-41CA-4334-A9BA-BE0A103B5875} = {695D781A-CF9C-4557-B6C8-445E8E6232C8}
		{9C309310-D84C-482B-AC93-483C71D46244} = {628C317F-85A8-45C5-81D7-04D40AD274E7}
		{D912E999-9E16-4A2D-B609-05CFDE194627} = {9C309310-D84C-482B-AC93-483C71D46244}
		{E02DF73B-125E-4A3D-994A-1FD369883B40} = {9C309310-D84C-482B-AC93-483C71D46244}
		{52D8A7FD-A2C3-41CC-BC18-B31B6C6C737C} = {9C309310-D84C-482B-AC93-483C71D46244}
		{DFEFC868-1247-493E-B9D3-EB8A0D7B2DE3} = {628C317F-85A8-45C5-81D7-04D40AD274E7}
		{3A6A0C21-606E-4F5F-A15D-E35936B83786} = {DFEFC868-1247-493E-B9D3-EB8A0D7B2DE3}
		{A2EEA919-84AD-4A01-88D9-2A6DEAB0AB77} = {DFEFC868-1247-493E-B9D3-EB8A0D7B2DE3}
		{0957F0AD-6F45-4C97-AFCB-D9D8720A7A23} = {628C317F-85A8-45C5-81D7-04D40AD274E7}
		{2BBBAED8-8F9C-41C7-BF11-926B9D996372} = {0957F0AD-6F45-4C97-AFCB-D9D8720A7A23}
		{4FF017F4-B372-4A00-B99A-59001FBA626D} = {628C317F-85A8-45C5-81D7-04D40AD274E7}
		{A073DDDC-8EF6-4440-8C8B-D1E8B46F5F61} = {4FF017F4-B372-4A00-B99A-59001FBA626D}
		{DDCA5F68-2EC4-485F-A77A-BB651959DFC2} = {628C317F-85A8-45C5-81D7-04D40AD274E7}
		{C3AE7D5A-65E4-4EA2-8E45-05C08B1F69CD} = {DDCA5F68-2EC4-485F-A77A-BB651959DFC2}
		{46C5DD5D-C591-45B9-A91F-91735F855E8A} = {628C317F-85A8-45C5-81D7-04D40AD274E7}
		{A7FAC750-4D47-4EC2-BF33-97C00B6C166D} = {46C5DD5D-C591-45B9-A91F-91735F855E8A}
		{A7F05D55-E615-47F4-A838-6AF394AACD7F} = {46C5DD5D-C591-45B9-A91F-91735F855E8A}
		{2183BB97-F46D-435B-BD15-766BF7B04893} = {46C5DD5D-C591-45B9-A91F-91735F855E8A}
		{79EC8465-6432-4341-8DE5-9126F40F4320} = {46C5DD5D-C591-45B9-A91F-91735F855E8A}
		{4FF84952-7045-4A9C-8720-0C9132CBB184} = {79EC8465-6432-4341-8DE5-9126F40F4320}
		{19BFB214-0E18-49AA-AA4F-A4D47BA0438E} = {46C5DD5D-C591-45B9-A91F-91735F855E8A}
		{63EC9C1A-DC38-4CA4-B211-25170CABDE1A} = {19BFB214-0E18-49AA-AA4F-A4D47BA0438E}
		{7C263834-A54D-4E3C-A971-B52540B2C475} = {19BFB214-0E18-49AA-AA4F-A4D47BA0438E}
	EndGlobalSection
EndGlobal
