
Microsoft Visual Studio Solution File, Format Version 12.00
# Visual Studio 2013
VisualStudioVersion = 12.0.30501.0
MinimumVisualStudioVersion = 10.0.40219.1
Project("{FAE04EC0-301F-11D3-BF4B-00C04F79EFBC}") = "Delegates", "Delegates\Delegates.csproj", "{1C8C31B0-C0B2-41B5-A9BA-0A1572D1985A}"
EndProject
Project("{FAE04EC0-301F-11D3-BF4B-00C04F79EFBC}") = "MultiCast_Delegate", "MultiCast_Delegate\MultiCast_Delegate.csproj", "{B15C1FE9-E881-4F5E-AF44-51495BDBB881}"
EndProject
Project("{FAE04EC0-301F-11D3-BF4B-00C04F79EFBC}") = "Lambda", "Lambda\Lambda.csproj", "{7C18489C-4C9E-43CB-BB7A-C19FBD38028F}"
EndProject
Project("{FAE04EC0-301F-11D3-BF4B-00C04F79EFBC}") = "Exceptions", "Exceptions\Exceptions.csproj", "{47C610F4-26EA-4203-AC88-3D31E0BCD2C6}"
EndProject
Project("{FAE04EC0-301F-11D3-BF4B-00C04F79EFBC}") = "Iterators", "Itarotor\Iterators.csproj", "{B267F3E8-B27C-4931-AD88-1A66BD7A8629}"
EndProject
Project("{FAE04EC0-301F-11D3-BF4B-00C04F79EFBC}") = "OperatorOverloading_ExtensionMethod", "OperatorOverloading\OperatorOverloading_ExtensionMethod.csproj", "{C3AB3EDC-6FB5-4B5B-996E-D98453BC5D5E}"
EndProject
Project("{FAE04EC0-301F-11D3-BF4B-00C04F79EFBC}") = "AnonymousType", "AnonymousType\AnonymousType.csproj", "{F54C5C98-37E7-4191-A4F6-4E0A350A9A94}"
EndProject
Project("{FAE04EC0-301F-11D3-BF4B-00C04F79EFBC}") = "UnitTest", "UnitTest\UnitTest.csproj", "{B41ABED3-34CC-4265-9320-48BECE5E11F5}"
EndProject
Project("{FAE04EC0-301F-11D3-BF4B-00C04F79EFBC}") = "Encoding", "Encoding\Encoding.csproj", "{704226B6-F905-45EA-8BFB-E42A506E48BB}"
EndProject
Project("{FAE04EC0-301F-11D3-BF4B-00C04F79EFBC}") = "String_Format", "String_Format\String_Format.csproj", "{966E35C8-B165-40A7-83E7-9EDF7AF2A49D}"
EndProject
Project("{FAE04EC0-301F-11D3-BF4B-00C04F79EFBC}") = "WorkingNumbers", "WorkingNumbers\WorkingNumbers.csproj", "{6E2630FD-62FA-4AD6-A29C-F032E9A88D25}"
EndProject
Project("{FAE04EC0-301F-11D3-BF4B-00C04F79EFBC}") = "GuidAndEquelity", "Guid\GuidAndEquelity.csproj", "{DAB1AA94-8B37-4AB5-BCD4-A096DC4EE3F7}"
EndProject
Project("{2150E333-8FDC-42A3-9474-1A3956D46DE8}") = "Collections", "Collections", "{3DF98732-9EBF-4902-B9DB-B0CA4A7270B6}"
EndProject
Project("{FAE04EC0-301F-11D3-BF4B-00C04F79EFBC}") = "Enumeration", "Enumeration\Enumeration.csproj", "{90F9D67E-879B-48EC-8F4B-35F04A6810A0}"
EndProject
Project("{FAE04EC0-301F-11D3-BF4B-00C04F79EFBC}") = "Customizable", "Customizable\Customizable.csproj", "{66E42879-0BC4-4E50-8ED4-661079AF8CEE}"
EndProject
Project("{FAE04EC0-301F-11D3-BF4B-00C04F79EFBC}") = "Customizable1", "Customizable1\Customizable1.csproj", "{89EB733E-28DE-4E58-B06C-4A78E07BDD77}"
EndProject
Project("{FAE04EC0-301F-11D3-BF4B-00C04F79EFBC}") = "IEqualityComparer", "IEqualityComparer\IEqualityComparer.csproj", "{F0EDAF90-9CEE-43CF-9705-10E7762A94EF}"
EndProject
Project("{FAE04EC0-301F-11D3-BF4B-00C04F79EFBC}") = "CompareSortPhoneList", "CompareSortPhoneList\CompareSortPhoneList.csproj", "{6785A273-7F97-4947-9C4B-AF3133BECD5B}"
EndProject
Project("{2150E333-8FDC-42A3-9474-1A3956D46DE8}") = "LINQ", "LINQ", "{81023DF7-8A4F-494F-8DF9-6E3E5A8D4BC6}"
EndProject
Project("{FAE04EC0-301F-11D3-BF4B-00C04F79EFBC}") = "FirstExample", "FirstExample\FirstExample.csproj", "{795D6608-DB71-45C8-992E-C784C0577C1E}"
EndProject
Project("{FAE04EC0-301F-11D3-BF4B-00C04F79EFBC}") = "QeryExpressions", "QeryExpressions\QeryExpressions.csproj", "{3118E12B-3ED7-4A69-BB83-4BE58908B513}"
EndProject
Project("{FAE04EC0-301F-11D3-BF4B-00C04F79EFBC}") = "LinqStrategies", "LinqStrategies\LinqStrategies.csproj", "{DC4B04F2-05DB-4B44-9EEF-64C75087B861}"
EndProject
Project("{2150E333-8FDC-42A3-9474-1A3956D46DE8}") = "OOP", "OOP", "{51ACC2BF-6BFB-4A83-8EB6-EB677417A3F1}"
EndProject
Project("{FAE04EC0-301F-11D3-BF4B-00C04F79EFBC}") = "Adapter", "..\..\My Books\OOP\DESIGN_PATTERNS\Adapter\Adapter.csproj", "{00FEC556-453B-4A81-B3EA-3CA10B7791A4}"
EndProject
Project("{FAE04EC0-301F-11D3-BF4B-00C04F79EFBC}") = "ChainOfResponsibility", "..\..\My Books\OOP\DESIGN_PATTERNS\ChainOfResponsibility\ChainOfResponsibility.csproj", "{27CD283B-FE34-49D2-A5D6-7E89F4B292D8}"
EndProject
Project("{FAE04EC0-301F-11D3-BF4B-00C04F79EFBC}") = "Singleton", "..\..\My Books\OOP\DESIGN_PATTERNS\Singleton\Singleton.csproj", "{E2D01842-A371-4CA9-9202-1B0B0025E175}"
EndProject
Project("{FAE04EC0-301F-11D3-BF4B-00C04F79EFBC}") = "Template_Method", "..\..\My Books\OOP\DESIGN_PATTERNS\Template_Method\Template_Method.csproj", "{18098F07-9F4D-4F72-B35F-F7BAEEC6783E}"
EndProject
Project("{FAE04EC0-301F-11D3-BF4B-00C04F79EFBC}") = "Prime_Number", "Prime_Number\Prime_Number.csproj", "{E46F5C3F-683E-4222-B65D-AF65C57731CE}"
EndProject
Project("{2150E333-8FDC-42A3-9474-1A3956D46DE8}") = "SOLID", "SOLID", "{B86DF59A-7F98-4212-B2DE-21A866DC67E9}"
EndProject
Project("{FAE04EC0-301F-11D3-BF4B-00C04F79EFBC}") = "Single_Responsibility", "Single_Responsibility\Single_Responsibility.csproj", "{26736021-182A-4F9A-B56C-D9CEB7FB4986}"
EndProject
Project("{FAE04EC0-301F-11D3-BF4B-00C04F79EFBC}") = "Decorator_Pattern", "Decorator_Pattern\Decorator_Pattern.csproj", "{91047660-7DF7-42A6-B39B-B92671660DB8}"
EndProject
Project("{2150E333-8FDC-42A3-9474-1A3956D46DE8}") = "Seriallize", "Seriallize", "{4BF63849-2783-4B02-A826-07C418B14933}"
EndProject
Project("{FAE04EC0-301F-11D3-BF4B-00C04F79EFBC}") = "SerialTest", "SerialTest\SerialTest.csproj", "{98DA986C-3798-4F22-A8E3-D9EDB29BE717}"
EndProject
Project("{FAE04EC0-301F-11D3-BF4B-00C04F79EFBC}") = "NetDataContractSerializer", "NetDataContractSerializer\NetDataContractSerializer.csproj", "{AC342EC9-7365-48D4-8564-FCA28823320C}"
EndProject
Project("{FAE04EC0-301F-11D3-BF4B-00C04F79EFBC}") = "Serializing_Subclasses", "Serializing_Subclasses\Serializing_Subclasses.csproj", "{5FCBEA6B-AD3A-4233-B1AA-1F09818C3FB9}"
EndProject
Project("{FAE04EC0-301F-11D3-BF4B-00C04F79EFBC}") = "ISerializableTeamExample", "ISerializableTeamExample\ISerializableTeamExample.csproj", "{6E2C0A0B-BAA4-4C50-8B17-DD46DDB29486}"
EndProject
Project("{FAE04EC0-301F-11D3-BF4B-00C04F79EFBC}") = "XmlSerializer", "XmlSerializer\XmlSerializer.csproj", "{44EAF0E5-BA22-42C3-B2ED-F8192B8F85C8}"
EndProject
Project("{2150E333-8FDC-42A3-9474-1A3956D46DE8}") = "Assembly_Class", "Assembly_Class", "{F4113A2F-C3CF-4646-9C40-ADB68B0B9594}"
EndProject
Project("{FAE04EC0-301F-11D3-BF4B-00C04F79EFBC}") = "Assembly_Class", "Assembly_Class\Assembly_Class.csproj", "{B789A51C-E3AE-4A9E-AA1E-BD679FB4BCED}"
EndProject
Project("{2150E333-8FDC-42A3-9474-1A3956D46DE8}") = "ReflactionMetaData", "ReflactionMetaData", "{7F121CF5-2C40-45D8-ACC3-01279B7BA4EE}"
EndProject
Project("{FAE04EC0-301F-11D3-BF4B-00C04F79EFBC}") = "ReflactionExample", "ReflactionExample\ReflactionExample.csproj", "{5BEADBC9-D15E-438A-919C-87BBB5794D1D}"
EndProject
Project("{FAE04EC0-301F-11D3-BF4B-00C04F79EFBC}") = "DelegateDynamic", "Delegate\DelegateDynamic.csproj", "{5C4BA205-2026-4905-A2BE-3E35DE9907F6}"
EndProject
Project("{2150E333-8FDC-42A3-9474-1A3956D46DE8}") = "DynamicProgramming", "DynamicProgramming", "{3FBE8F33-34FA-44FE-A1B7-21145FBD54D6}"
EndProject
Project("{FAE04EC0-301F-11D3-BF4B-00C04F79EFBC}") = "DynamicExample", "DynamicExample\DynamicExample.csproj", "{1874C66F-98E1-49F2-B477-D01AFA039474}"
EndProject
Project("{FAE04EC0-301F-11D3-BF4B-00C04F79EFBC}") = "VisitorPattern", "VisitorPattern\VisitorPattern.csproj", "{958E3203-BAC4-4327-BA5C-F5966AA93760}"
EndProject
Project("{2150E333-8FDC-42A3-9474-1A3956D46DE8}") = "Security", "Security", "{7DBAFABB-D331-4D0A-8C39-BA1E2BC06ECB}"
EndProject
Project("{FAE04EC0-301F-11D3-BF4B-00C04F79EFBC}") = "SecurityExample", "SecurityExample\SecurityExample.csproj", "{592C467F-0346-4A5E-BDDC-5749404540CC}"
EndProject
Project("{2150E333-8FDC-42A3-9474-1A3956D46DE8}") = "AdvanceThread", "AdvanceThread", "{59C73583-BE97-43D6-B08F-681BE129491E}"
EndProject
Project("{FAE04EC0-301F-11D3-BF4B-00C04F79EFBC}") = "Thread_Basic", "Thread_Basic\Thread_Basic.csproj", "{F6C9EFD3-21A6-48AA-A59D-A9A699101765}"
EndProject
Project("{FAE04EC0-301F-11D3-BF4B-00C04F79EFBC}") = "NightClub", "NightClub\NightClub.csproj", "{BC9A39C6-036E-4CBF-B42C-7B69CFA7E5BC}"
EndProject
Project("{FAE04EC0-301F-11D3-BF4B-00C04F79EFBC}") = "Two_Way_Signaling", "Two_Way_Signaling\Two_Way_Signaling.csproj", "{704F8A20-7CC0-4235-ADAA-E2EA0E57B486}"
EndProject
Project("{FAE04EC0-301F-11D3-BF4B-00C04F79EFBC}") = "ThreadStart", "ThreadStart\ThreadStart.csproj", "{525C717E-E11F-43AE-A14A-915833728EFD}"
EndProject
Project("{FAE04EC0-301F-11D3-BF4B-00C04F79EFBC}") = "Timer_Thread", "Timer_Thread\Timer_Thread.csproj", "{AA951F4C-99CA-4582-A77A-ABF2E91E5672}"
EndProject
Global
	GlobalSection(SolutionConfigurationPlatforms) = preSolution
		Debug|Any CPU = Debug|Any CPU
		Release|Any CPU = Release|Any CPU
	EndGlobalSection
	GlobalSection(ProjectConfigurationPlatforms) = postSolution
		{1C8C31B0-C0B2-41B5-A9BA-0A1572D1985A}.Debug|Any CPU.ActiveCfg = Debug|Any CPU
		{1C8C31B0-C0B2-41B5-A9BA-0A1572D1985A}.Debug|Any CPU.Build.0 = Debug|Any CPU
		{1C8C31B0-C0B2-41B5-A9BA-0A1572D1985A}.Release|Any CPU.ActiveCfg = Release|Any CPU
		{1C8C31B0-C0B2-41B5-A9BA-0A1572D1985A}.Release|Any CPU.Build.0 = Release|Any CPU
		{B15C1FE9-E881-4F5E-AF44-51495BDBB881}.Debug|Any CPU.ActiveCfg = Debug|Any CPU
		{B15C1FE9-E881-4F5E-AF44-51495BDBB881}.Debug|Any CPU.Build.0 = Debug|Any CPU
		{B15C1FE9-E881-4F5E-AF44-51495BDBB881}.Release|Any CPU.ActiveCfg = Release|Any CPU
		{B15C1FE9-E881-4F5E-AF44-51495BDBB881}.Release|Any CPU.Build.0 = Release|Any CPU
		{7C18489C-4C9E-43CB-BB7A-C19FBD38028F}.Debug|Any CPU.ActiveCfg = Debug|Any CPU
		{7C18489C-4C9E-43CB-BB7A-C19FBD38028F}.Debug|Any CPU.Build.0 = Debug|Any CPU
		{7C18489C-4C9E-43CB-BB7A-C19FBD38028F}.Release|Any CPU.ActiveCfg = Release|Any CPU
		{7C18489C-4C9E-43CB-BB7A-C19FBD38028F}.Release|Any CPU.Build.0 = Release|Any CPU
		{47C610F4-26EA-4203-AC88-3D31E0BCD2C6}.Debug|Any CPU.ActiveCfg = Debug|Any CPU
		{47C610F4-26EA-4203-AC88-3D31E0BCD2C6}.Debug|Any CPU.Build.0 = Debug|Any CPU
		{47C610F4-26EA-4203-AC88-3D31E0BCD2C6}.Release|Any CPU.ActiveCfg = Release|Any CPU
		{47C610F4-26EA-4203-AC88-3D31E0BCD2C6}.Release|Any CPU.Build.0 = Release|Any CPU
		{B267F3E8-B27C-4931-AD88-1A66BD7A8629}.Debug|Any CPU.ActiveCfg = Debug|Any CPU
		{B267F3E8-B27C-4931-AD88-1A66BD7A8629}.Debug|Any CPU.Build.0 = Debug|Any CPU
		{B267F3E8-B27C-4931-AD88-1A66BD7A8629}.Release|Any CPU.ActiveCfg = Release|Any CPU
		{B267F3E8-B27C-4931-AD88-1A66BD7A8629}.Release|Any CPU.Build.0 = Release|Any CPU
		{C3AB3EDC-6FB5-4B5B-996E-D98453BC5D5E}.Debug|Any CPU.ActiveCfg = Debug|Any CPU
		{C3AB3EDC-6FB5-4B5B-996E-D98453BC5D5E}.Debug|Any CPU.Build.0 = Debug|Any CPU
		{C3AB3EDC-6FB5-4B5B-996E-D98453BC5D5E}.Release|Any CPU.ActiveCfg = Release|Any CPU
		{C3AB3EDC-6FB5-4B5B-996E-D98453BC5D5E}.Release|Any CPU.Build.0 = Release|Any CPU
		{F54C5C98-37E7-4191-A4F6-4E0A350A9A94}.Debug|Any CPU.ActiveCfg = Debug|Any CPU
		{F54C5C98-37E7-4191-A4F6-4E0A350A9A94}.Debug|Any CPU.Build.0 = Debug|Any CPU
		{F54C5C98-37E7-4191-A4F6-4E0A350A9A94}.Release|Any CPU.ActiveCfg = Release|Any CPU
		{F54C5C98-37E7-4191-A4F6-4E0A350A9A94}.Release|Any CPU.Build.0 = Release|Any CPU
		{B41ABED3-34CC-4265-9320-48BECE5E11F5}.Debug|Any CPU.ActiveCfg = Debug|Any CPU
		{B41ABED3-34CC-4265-9320-48BECE5E11F5}.Debug|Any CPU.Build.0 = Debug|Any CPU
		{B41ABED3-34CC-4265-9320-48BECE5E11F5}.Release|Any CPU.ActiveCfg = Release|Any CPU
		{B41ABED3-34CC-4265-9320-48BECE5E11F5}.Release|Any CPU.Build.0 = Release|Any CPU
		{704226B6-F905-45EA-8BFB-E42A506E48BB}.Debug|Any CPU.ActiveCfg = Debug|Any CPU
		{704226B6-F905-45EA-8BFB-E42A506E48BB}.Debug|Any CPU.Build.0 = Debug|Any CPU
		{704226B6-F905-45EA-8BFB-E42A506E48BB}.Release|Any CPU.ActiveCfg = Release|Any CPU
		{704226B6-F905-45EA-8BFB-E42A506E48BB}.Release|Any CPU.Build.0 = Release|Any CPU
		{966E35C8-B165-40A7-83E7-9EDF7AF2A49D}.Debug|Any CPU.ActiveCfg = Debug|Any CPU
		{966E35C8-B165-40A7-83E7-9EDF7AF2A49D}.Debug|Any CPU.Build.0 = Debug|Any CPU
		{966E35C8-B165-40A7-83E7-9EDF7AF2A49D}.Release|Any CPU.ActiveCfg = Release|Any CPU
		{966E35C8-B165-40A7-83E7-9EDF7AF2A49D}.Release|Any CPU.Build.0 = Release|Any CPU
		{6E2630FD-62FA-4AD6-A29C-F032E9A88D25}.Debug|Any CPU.ActiveCfg = Debug|Any CPU
		{6E2630FD-62FA-4AD6-A29C-F032E9A88D25}.Debug|Any CPU.Build.0 = Debug|Any CPU
		{6E2630FD-62FA-4AD6-A29C-F032E9A88D25}.Release|Any CPU.ActiveCfg = Release|Any CPU
		{6E2630FD-62FA-4AD6-A29C-F032E9A88D25}.Release|Any CPU.Build.0 = Release|Any CPU
		{DAB1AA94-8B37-4AB5-BCD4-A096DC4EE3F7}.Debug|Any CPU.ActiveCfg = Debug|Any CPU
		{DAB1AA94-8B37-4AB5-BCD4-A096DC4EE3F7}.Debug|Any CPU.Build.0 = Debug|Any CPU
		{DAB1AA94-8B37-4AB5-BCD4-A096DC4EE3F7}.Release|Any CPU.ActiveCfg = Release|Any CPU
		{DAB1AA94-8B37-4AB5-BCD4-A096DC4EE3F7}.Release|Any CPU.Build.0 = Release|Any CPU
		{90F9D67E-879B-48EC-8F4B-35F04A6810A0}.Debug|Any CPU.ActiveCfg = Debug|Any CPU
		{90F9D67E-879B-48EC-8F4B-35F04A6810A0}.Debug|Any CPU.Build.0 = Debug|Any CPU
		{90F9D67E-879B-48EC-8F4B-35F04A6810A0}.Release|Any CPU.ActiveCfg = Release|Any CPU
		{90F9D67E-879B-48EC-8F4B-35F04A6810A0}.Release|Any CPU.Build.0 = Release|Any CPU
		{66E42879-0BC4-4E50-8ED4-661079AF8CEE}.Debug|Any CPU.ActiveCfg = Debug|Any CPU
		{66E42879-0BC4-4E50-8ED4-661079AF8CEE}.Debug|Any CPU.Build.0 = Debug|Any CPU
		{66E42879-0BC4-4E50-8ED4-661079AF8CEE}.Release|Any CPU.ActiveCfg = Release|Any CPU
		{66E42879-0BC4-4E50-8ED4-661079AF8CEE}.Release|Any CPU.Build.0 = Release|Any CPU
		{89EB733E-28DE-4E58-B06C-4A78E07BDD77}.Debug|Any CPU.ActiveCfg = Debug|Any CPU
		{89EB733E-28DE-4E58-B06C-4A78E07BDD77}.Debug|Any CPU.Build.0 = Debug|Any CPU
		{89EB733E-28DE-4E58-B06C-4A78E07BDD77}.Release|Any CPU.ActiveCfg = Release|Any CPU
		{89EB733E-28DE-4E58-B06C-4A78E07BDD77}.Release|Any CPU.Build.0 = Release|Any CPU
		{F0EDAF90-9CEE-43CF-9705-10E7762A94EF}.Debug|Any CPU.ActiveCfg = Debug|Any CPU
		{F0EDAF90-9CEE-43CF-9705-10E7762A94EF}.Debug|Any CPU.Build.0 = Debug|Any CPU
		{F0EDAF90-9CEE-43CF-9705-10E7762A94EF}.Release|Any CPU.ActiveCfg = Release|Any CPU
		{F0EDAF90-9CEE-43CF-9705-10E7762A94EF}.Release|Any CPU.Build.0 = Release|Any CPU
		{6785A273-7F97-4947-9C4B-AF3133BECD5B}.Debug|Any CPU.ActiveCfg = Debug|Any CPU
		{6785A273-7F97-4947-9C4B-AF3133BECD5B}.Debug|Any CPU.Build.0 = Debug|Any CPU
		{6785A273-7F97-4947-9C4B-AF3133BECD5B}.Release|Any CPU.ActiveCfg = Release|Any CPU
		{6785A273-7F97-4947-9C4B-AF3133BECD5B}.Release|Any CPU.Build.0 = Release|Any CPU
		{795D6608-DB71-45C8-992E-C784C0577C1E}.Debug|Any CPU.ActiveCfg = Debug|Any CPU
		{795D6608-DB71-45C8-992E-C784C0577C1E}.Debug|Any CPU.Build.0 = Debug|Any CPU
		{795D6608-DB71-45C8-992E-C784C0577C1E}.Release|Any CPU.ActiveCfg = Release|Any CPU
		{795D6608-DB71-45C8-992E-C784C0577C1E}.Release|Any CPU.Build.0 = Release|Any CPU
		{3118E12B-3ED7-4A69-BB83-4BE58908B513}.Debug|Any CPU.ActiveCfg = Debug|Any CPU
		{3118E12B-3ED7-4A69-BB83-4BE58908B513}.Debug|Any CPU.Build.0 = Debug|Any CPU
		{3118E12B-3ED7-4A69-BB83-4BE58908B513}.Release|Any CPU.ActiveCfg = Release|Any CPU
		{3118E12B-3ED7-4A69-BB83-4BE58908B513}.Release|Any CPU.Build.0 = Release|Any CPU
		{DC4B04F2-05DB-4B44-9EEF-64C75087B861}.Debug|Any CPU.ActiveCfg = Debug|Any CPU
		{DC4B04F2-05DB-4B44-9EEF-64C75087B861}.Debug|Any CPU.Build.0 = Debug|Any CPU
		{DC4B04F2-05DB-4B44-9EEF-64C75087B861}.Release|Any CPU.ActiveCfg = Release|Any CPU
		{DC4B04F2-05DB-4B44-9EEF-64C75087B861}.Release|Any CPU.Build.0 = Release|Any CPU
		{00FEC556-453B-4A81-B3EA-3CA10B7791A4}.Debug|Any CPU.ActiveCfg = Debug|Any CPU
		{00FEC556-453B-4A81-B3EA-3CA10B7791A4}.Debug|Any CPU.Build.0 = Debug|Any CPU
		{00FEC556-453B-4A81-B3EA-3CA10B7791A4}.Release|Any CPU.ActiveCfg = Release|Any CPU
		{00FEC556-453B-4A81-B3EA-3CA10B7791A4}.Release|Any CPU.Build.0 = Release|Any CPU
		{27CD283B-FE34-49D2-A5D6-7E89F4B292D8}.Debug|Any CPU.ActiveCfg = Debug|Any CPU
		{27CD283B-FE34-49D2-A5D6-7E89F4B292D8}.Debug|Any CPU.Build.0 = Debug|Any CPU
		{27CD283B-FE34-49D2-A5D6-7E89F4B292D8}.Release|Any CPU.ActiveCfg = Release|Any CPU
		{27CD283B-FE34-49D2-A5D6-7E89F4B292D8}.Release|Any CPU.Build.0 = Release|Any CPU
		{E2D01842-A371-4CA9-9202-1B0B0025E175}.Debug|Any CPU.ActiveCfg = Debug|Any CPU
		{E2D01842-A371-4CA9-9202-1B0B0025E175}.Debug|Any CPU.Build.0 = Debug|Any CPU
		{E2D01842-A371-4CA9-9202-1B0B0025E175}.Release|Any CPU.ActiveCfg = Release|Any CPU
		{E2D01842-A371-4CA9-9202-1B0B0025E175}.Release|Any CPU.Build.0 = Release|Any CPU
		{18098F07-9F4D-4F72-B35F-F7BAEEC6783E}.Debug|Any CPU.ActiveCfg = Debug|Any CPU
		{18098F07-9F4D-4F72-B35F-F7BAEEC6783E}.Debug|Any CPU.Build.0 = Debug|Any CPU
		{18098F07-9F4D-4F72-B35F-F7BAEEC6783E}.Release|Any CPU.ActiveCfg = Release|Any CPU
		{18098F07-9F4D-4F72-B35F-F7BAEEC6783E}.Release|Any CPU.Build.0 = Release|Any CPU
		{E46F5C3F-683E-4222-B65D-AF65C57731CE}.Debug|Any CPU.ActiveCfg = Debug|Any CPU
		{E46F5C3F-683E-4222-B65D-AF65C57731CE}.Debug|Any CPU.Build.0 = Debug|Any CPU
		{E46F5C3F-683E-4222-B65D-AF65C57731CE}.Release|Any CPU.ActiveCfg = Release|Any CPU
		{E46F5C3F-683E-4222-B65D-AF65C57731CE}.Release|Any CPU.Build.0 = Release|Any CPU
		{26736021-182A-4F9A-B56C-D9CEB7FB4986}.Debug|Any CPU.ActiveCfg = Debug|Any CPU
		{26736021-182A-4F9A-B56C-D9CEB7FB4986}.Debug|Any CPU.Build.0 = Debug|Any CPU
		{26736021-182A-4F9A-B56C-D9CEB7FB4986}.Release|Any CPU.ActiveCfg = Release|Any CPU
		{26736021-182A-4F9A-B56C-D9CEB7FB4986}.Release|Any CPU.Build.0 = Release|Any CPU
		{91047660-7DF7-42A6-B39B-B92671660DB8}.Debug|Any CPU.ActiveCfg = Debug|Any CPU
		{91047660-7DF7-42A6-B39B-B92671660DB8}.Debug|Any CPU.Build.0 = Debug|Any CPU
		{91047660-7DF7-42A6-B39B-B92671660DB8}.Release|Any CPU.ActiveCfg = Release|Any CPU
		{91047660-7DF7-42A6-B39B-B92671660DB8}.Release|Any CPU.Build.0 = Release|Any CPU
		{98DA986C-3798-4F22-A8E3-D9EDB29BE717}.Debug|Any CPU.ActiveCfg = Debug|Any CPU
		{98DA986C-3798-4F22-A8E3-D9EDB29BE717}.Debug|Any CPU.Build.0 = Debug|Any CPU
		{98DA986C-3798-4F22-A8E3-D9EDB29BE717}.Release|Any CPU.ActiveCfg = Release|Any CPU
		{98DA986C-3798-4F22-A8E3-D9EDB29BE717}.Release|Any CPU.Build.0 = Release|Any CPU
		{AC342EC9-7365-48D4-8564-FCA28823320C}.Debug|Any CPU.ActiveCfg = Debug|Any CPU
		{AC342EC9-7365-48D4-8564-FCA28823320C}.Debug|Any CPU.Build.0 = Debug|Any CPU
		{AC342EC9-7365-48D4-8564-FCA28823320C}.Release|Any CPU.ActiveCfg = Release|Any CPU
		{AC342EC9-7365-48D4-8564-FCA28823320C}.Release|Any CPU.Build.0 = Release|Any CPU
		{5FCBEA6B-AD3A-4233-B1AA-1F09818C3FB9}.Debug|Any CPU.ActiveCfg = Debug|Any CPU
		{5FCBEA6B-AD3A-4233-B1AA-1F09818C3FB9}.Debug|Any CPU.Build.0 = Debug|Any CPU
		{5FCBEA6B-AD3A-4233-B1AA-1F09818C3FB9}.Release|Any CPU.ActiveCfg = Release|Any CPU
		{5FCBEA6B-AD3A-4233-B1AA-1F09818C3FB9}.Release|Any CPU.Build.0 = Release|Any CPU
		{6E2C0A0B-BAA4-4C50-8B17-DD46DDB29486}.Debug|Any CPU.ActiveCfg = Debug|Any CPU
		{6E2C0A0B-BAA4-4C50-8B17-DD46DDB29486}.Debug|Any CPU.Build.0 = Debug|Any CPU
		{6E2C0A0B-BAA4-4C50-8B17-DD46DDB29486}.Release|Any CPU.ActiveCfg = Release|Any CPU
		{6E2C0A0B-BAA4-4C50-8B17-DD46DDB29486}.Release|Any CPU.Build.0 = Release|Any CPU
		{44EAF0E5-BA22-42C3-B2ED-F8192B8F85C8}.Debug|Any CPU.ActiveCfg = Debug|Any CPU
		{44EAF0E5-BA22-42C3-B2ED-F8192B8F85C8}.Debug|Any CPU.Build.0 = Debug|Any CPU
		{44EAF0E5-BA22-42C3-B2ED-F8192B8F85C8}.Release|Any CPU.ActiveCfg = Release|Any CPU
		{44EAF0E5-BA22-42C3-B2ED-F8192B8F85C8}.Release|Any CPU.Build.0 = Release|Any CPU
		{B789A51C-E3AE-4A9E-AA1E-BD679FB4BCED}.Debug|Any CPU.ActiveCfg = Debug|Any CPU
		{B789A51C-E3AE-4A9E-AA1E-BD679FB4BCED}.Debug|Any CPU.Build.0 = Debug|Any CPU
		{B789A51C-E3AE-4A9E-AA1E-BD679FB4BCED}.Release|Any CPU.ActiveCfg = Release|Any CPU
		{B789A51C-E3AE-4A9E-AA1E-BD679FB4BCED}.Release|Any CPU.Build.0 = Release|Any CPU
		{5BEADBC9-D15E-438A-919C-87BBB5794D1D}.Debug|Any CPU.ActiveCfg = Debug|Any CPU
		{5BEADBC9-D15E-438A-919C-87BBB5794D1D}.Debug|Any CPU.Build.0 = Debug|Any CPU
		{5BEADBC9-D15E-438A-919C-87BBB5794D1D}.Release|Any CPU.ActiveCfg = Release|Any CPU
		{5BEADBC9-D15E-438A-919C-87BBB5794D1D}.Release|Any CPU.Build.0 = Release|Any CPU
		{5C4BA205-2026-4905-A2BE-3E35DE9907F6}.Debug|Any CPU.ActiveCfg = Debug|Any CPU
		{5C4BA205-2026-4905-A2BE-3E35DE9907F6}.Debug|Any CPU.Build.0 = Debug|Any CPU
		{5C4BA205-2026-4905-A2BE-3E35DE9907F6}.Release|Any CPU.ActiveCfg = Release|Any CPU
		{5C4BA205-2026-4905-A2BE-3E35DE9907F6}.Release|Any CPU.Build.0 = Release|Any CPU
		{1874C66F-98E1-49F2-B477-D01AFA039474}.Debug|Any CPU.ActiveCfg = Debug|Any CPU
		{1874C66F-98E1-49F2-B477-D01AFA039474}.Debug|Any CPU.Build.0 = Debug|Any CPU
		{1874C66F-98E1-49F2-B477-D01AFA039474}.Release|Any CPU.ActiveCfg = Release|Any CPU
		{1874C66F-98E1-49F2-B477-D01AFA039474}.Release|Any CPU.Build.0 = Release|Any CPU
		{958E3203-BAC4-4327-BA5C-F5966AA93760}.Debug|Any CPU.ActiveCfg = Debug|Any CPU
		{958E3203-BAC4-4327-BA5C-F5966AA93760}.Debug|Any CPU.Build.0 = Debug|Any CPU
		{958E3203-BAC4-4327-BA5C-F5966AA93760}.Release|Any CPU.ActiveCfg = Release|Any CPU
		{958E3203-BAC4-4327-BA5C-F5966AA93760}.Release|Any CPU.Build.0 = Release|Any CPU
		{592C467F-0346-4A5E-BDDC-5749404540CC}.Debug|Any CPU.ActiveCfg = Debug|Any CPU
		{592C467F-0346-4A5E-BDDC-5749404540CC}.Debug|Any CPU.Build.0 = Debug|Any CPU
		{592C467F-0346-4A5E-BDDC-5749404540CC}.Release|Any CPU.ActiveCfg = Release|Any CPU
		{592C467F-0346-4A5E-BDDC-5749404540CC}.Release|Any CPU.Build.0 = Release|Any CPU
		{F6C9EFD3-21A6-48AA-A59D-A9A699101765}.Debug|Any CPU.ActiveCfg = Debug|Any CPU
		{F6C9EFD3-21A6-48AA-A59D-A9A699101765}.Debug|Any CPU.Build.0 = Debug|Any CPU
		{F6C9EFD3-21A6-48AA-A59D-A9A699101765}.Release|Any CPU.ActiveCfg = Release|Any CPU
		{F6C9EFD3-21A6-48AA-A59D-A9A699101765}.Release|Any CPU.Build.0 = Release|Any CPU
		{BC9A39C6-036E-4CBF-B42C-7B69CFA7E5BC}.Debug|Any CPU.ActiveCfg = Debug|Any CPU
		{BC9A39C6-036E-4CBF-B42C-7B69CFA7E5BC}.Debug|Any CPU.Build.0 = Debug|Any CPU
		{BC9A39C6-036E-4CBF-B42C-7B69CFA7E5BC}.Release|Any CPU.ActiveCfg = Release|Any CPU
		{BC9A39C6-036E-4CBF-B42C-7B69CFA7E5BC}.Release|Any CPU.Build.0 = Release|Any CPU
		{704F8A20-7CC0-4235-ADAA-E2EA0E57B486}.Debug|Any CPU.ActiveCfg = Debug|Any CPU
		{704F8A20-7CC0-4235-ADAA-E2EA0E57B486}.Debug|Any CPU.Build.0 = Debug|Any CPU
		{704F8A20-7CC0-4235-ADAA-E2EA0E57B486}.Release|Any CPU.ActiveCfg = Release|Any CPU
		{704F8A20-7CC0-4235-ADAA-E2EA0E57B486}.Release|Any CPU.Build.0 = Release|Any CPU
		{525C717E-E11F-43AE-A14A-915833728EFD}.Debug|Any CPU.ActiveCfg = Debug|Any CPU
		{525C717E-E11F-43AE-A14A-915833728EFD}.Debug|Any CPU.Build.0 = Debug|Any CPU
		{525C717E-E11F-43AE-A14A-915833728EFD}.Release|Any CPU.ActiveCfg = Release|Any CPU
		{525C717E-E11F-43AE-A14A-915833728EFD}.Release|Any CPU.Build.0 = Release|Any CPU
		{AA951F4C-99CA-4582-A77A-ABF2E91E5672}.Debug|Any CPU.ActiveCfg = Debug|Any CPU
		{AA951F4C-99CA-4582-A77A-ABF2E91E5672}.Debug|Any CPU.Build.0 = Debug|Any CPU
		{AA951F4C-99CA-4582-A77A-ABF2E91E5672}.Release|Any CPU.ActiveCfg = Release|Any CPU
		{AA951F4C-99CA-4582-A77A-ABF2E91E5672}.Release|Any CPU.Build.0 = Release|Any CPU
	EndGlobalSection
	GlobalSection(SolutionProperties) = preSolution
		HideSolutionNode = FALSE
	EndGlobalSection
	GlobalSection(NestedProjects) = preSolution
		{90F9D67E-879B-48EC-8F4B-35F04A6810A0} = {3DF98732-9EBF-4902-B9DB-B0CA4A7270B6}
		{66E42879-0BC4-4E50-8ED4-661079AF8CEE} = {3DF98732-9EBF-4902-B9DB-B0CA4A7270B6}
		{89EB733E-28DE-4E58-B06C-4A78E07BDD77} = {3DF98732-9EBF-4902-B9DB-B0CA4A7270B6}
		{F0EDAF90-9CEE-43CF-9705-10E7762A94EF} = {3DF98732-9EBF-4902-B9DB-B0CA4A7270B6}
		{6785A273-7F97-4947-9C4B-AF3133BECD5B} = {3DF98732-9EBF-4902-B9DB-B0CA4A7270B6}
		{795D6608-DB71-45C8-992E-C784C0577C1E} = {81023DF7-8A4F-494F-8DF9-6E3E5A8D4BC6}
		{3118E12B-3ED7-4A69-BB83-4BE58908B513} = {81023DF7-8A4F-494F-8DF9-6E3E5A8D4BC6}
		{DC4B04F2-05DB-4B44-9EEF-64C75087B861} = {81023DF7-8A4F-494F-8DF9-6E3E5A8D4BC6}
		{00FEC556-453B-4A81-B3EA-3CA10B7791A4} = {51ACC2BF-6BFB-4A83-8EB6-EB677417A3F1}
		{27CD283B-FE34-49D2-A5D6-7E89F4B292D8} = {51ACC2BF-6BFB-4A83-8EB6-EB677417A3F1}
		{E2D01842-A371-4CA9-9202-1B0B0025E175} = {51ACC2BF-6BFB-4A83-8EB6-EB677417A3F1}
		{18098F07-9F4D-4F72-B35F-F7BAEEC6783E} = {51ACC2BF-6BFB-4A83-8EB6-EB677417A3F1}
		{26736021-182A-4F9A-B56C-D9CEB7FB4986} = {B86DF59A-7F98-4212-B2DE-21A866DC67E9}
		{91047660-7DF7-42A6-B39B-B92671660DB8} = {51ACC2BF-6BFB-4A83-8EB6-EB677417A3F1}
		{98DA986C-3798-4F22-A8E3-D9EDB29BE717} = {4BF63849-2783-4B02-A826-07C418B14933}
		{AC342EC9-7365-48D4-8564-FCA28823320C} = {4BF63849-2783-4B02-A826-07C418B14933}
		{5FCBEA6B-AD3A-4233-B1AA-1F09818C3FB9} = {4BF63849-2783-4B02-A826-07C418B14933}
		{6E2C0A0B-BAA4-4C50-8B17-DD46DDB29486} = {4BF63849-2783-4B02-A826-07C418B14933}
		{44EAF0E5-BA22-42C3-B2ED-F8192B8F85C8} = {4BF63849-2783-4B02-A826-07C418B14933}
		{B789A51C-E3AE-4A9E-AA1E-BD679FB4BCED} = {F4113A2F-C3CF-4646-9C40-ADB68B0B9594}
		{5BEADBC9-D15E-438A-919C-87BBB5794D1D} = {7F121CF5-2C40-45D8-ACC3-01279B7BA4EE}
		{5C4BA205-2026-4905-A2BE-3E35DE9907F6} = {7F121CF5-2C40-45D8-ACC3-01279B7BA4EE}
		{1874C66F-98E1-49F2-B477-D01AFA039474} = {3FBE8F33-34FA-44FE-A1B7-21145FBD54D6}
		{958E3203-BAC4-4327-BA5C-F5966AA93760} = {3FBE8F33-34FA-44FE-A1B7-21145FBD54D6}
		{592C467F-0346-4A5E-BDDC-5749404540CC} = {7DBAFABB-D331-4D0A-8C39-BA1E2BC06ECB}
		{F6C9EFD3-21A6-48AA-A59D-A9A699101765} = {59C73583-BE97-43D6-B08F-681BE129491E}
		{BC9A39C6-036E-4CBF-B42C-7B69CFA7E5BC} = {59C73583-BE97-43D6-B08F-681BE129491E}
		{704F8A20-7CC0-4235-ADAA-E2EA0E57B486} = {59C73583-BE97-43D6-B08F-681BE129491E}
		{525C717E-E11F-43AE-A14A-915833728EFD} = {59C73583-BE97-43D6-B08F-681BE129491E}
		{AA951F4C-99CA-4582-A77A-ABF2E91E5672} = {59C73583-BE97-43D6-B08F-681BE129491E}
	EndGlobalSection
EndGlobal
